// !$*UTF8*$!
{
	archiveVersion = 1;
	classes = {
	};
	objectVersion = 46;
	objects = {

/* Begin PBXBuildFile section */
		46668A311D07BBD9006C0E3D /* RCUnderlineTextField.m in Sources */ = {isa = PBXBuildFile; fileRef = 46668A301D07BBD9006C0E3D /* RCUnderlineTextField.m */; };
		4675F77D1D1A2C9600DCA139 /* UCloudPlayerManager.m in Sources */ = {isa = PBXBuildFile; fileRef = 4675F77C1D1A2C9600DCA139 /* UCloudPlayerManager.m */; };
		468176831CB4E29000331D64 /* main.m in Sources */ = {isa = PBXBuildFile; fileRef = 468176821CB4E29000331D64 /* main.m */; };
		468176861CB4E29000331D64 /* AppDelegate.m in Sources */ = {isa = PBXBuildFile; fileRef = 468176851CB4E29000331D64 /* AppDelegate.m */; };
		468176891CB4E29000331D64 /* LoginViewController.m in Sources */ = {isa = PBXBuildFile; fileRef = 468176881CB4E29000331D64 /* LoginViewController.m */; };
		4681768C1CB4E29000331D64 /* Main.storyboard in Resources */ = {isa = PBXBuildFile; fileRef = 4681768A1CB4E29000331D64 /* Main.storyboard */; };
		4681768E1CB4E29000331D64 /* Assets.xcassets in Resources */ = {isa = PBXBuildFile; fileRef = 4681768D1CB4E29000331D64 /* Assets.xcassets */; };
		468176911CB4E29000331D64 /* LaunchScreen.storyboard in Resources */ = {isa = PBXBuildFile; fileRef = 4681768F1CB4E29000331D64 /* LaunchScreen.storyboard */; };
		4681769C1CB4E29000331D64 /* RongChatRoomDemoTests.m in Sources */ = {isa = PBXBuildFile; fileRef = 4681769B1CB4E29000331D64 /* RongChatRoomDemoTests.m */; };
		468176A71CB4E29000331D64 /* RongChatRoomDemoUITests.m in Sources */ = {isa = PBXBuildFile; fileRef = 468176A61CB4E29000331D64 /* RongChatRoomDemoUITests.m */; };
		468176C51CB4E7E700331D64 /* ChatRoomViewController.m in Sources */ = {isa = PBXBuildFile; fileRef = 468176C41CB4E7E700331D64 /* ChatRoomViewController.m */; };
		468176C71CB4E90600331D64 /* libopencore-amrnb.a in Frameworks */ = {isa = PBXBuildFile; fileRef = 468176C61CB4E90600331D64 /* libopencore-amrnb.a */; };
		468176C91CB4E97000331D64 /* libc++.tbd in Frameworks */ = {isa = PBXBuildFile; fileRef = 468176C81CB4E97000331D64 /* libc++.tbd */; };
		468176CB1CB4E97E00331D64 /* libsqlite3.tbd in Frameworks */ = {isa = PBXBuildFile; fileRef = 468176CA1CB4E97E00331D64 /* libsqlite3.tbd */; };
		468176CD1CB4E99400331D64 /* libstdc++.tbd in Frameworks */ = {isa = PBXBuildFile; fileRef = 468176CC1CB4E99400331D64 /* libstdc++.tbd */; };
		468176CF1CB4E9F800331D64 /* libz.tbd in Frameworks */ = {isa = PBXBuildFile; fileRef = 468176CE1CB4E9F800331D64 /* libz.tbd */; };
		468176D11CB4EA0300331D64 /* libxml2.tbd in Frameworks */ = {isa = PBXBuildFile; fileRef = 468176D01CB4EA0300331D64 /* libxml2.tbd */; };
		468176D31CB4EA1F00331D64 /* AssetsLibrary.framework in Frameworks */ = {isa = PBXBuildFile; fileRef = 468176D21CB4EA1F00331D64 /* AssetsLibrary.framework */; };
		468176D51CB4EA2900331D64 /* CoreGraphics.framework in Frameworks */ = {isa = PBXBuildFile; fileRef = 468176D41CB4EA2900331D64 /* CoreGraphics.framework */; };
		468176D71CB4EA3200331D64 /* UIKit.framework in Frameworks */ = {isa = PBXBuildFile; fileRef = 468176D61CB4EA3200331D64 /* UIKit.framework */; };
		468176D91CB4EA5300331D64 /* AVFoundation.framework in Frameworks */ = {isa = PBXBuildFile; fileRef = 468176D81CB4EA5300331D64 /* AVFoundation.framework */; };
		468176DB1CB4EA5C00331D64 /* AudioToolbox.framework in Frameworks */ = {isa = PBXBuildFile; fileRef = 468176DA1CB4EA5C00331D64 /* AudioToolbox.framework */; };
		468176DD1CB4EA6500331D64 /* CFNetwork.framework in Frameworks */ = {isa = PBXBuildFile; fileRef = 468176DC1CB4EA6500331D64 /* CFNetwork.framework */; };
		468176DF1CB4EA7100331D64 /* CoreAudio.framework in Frameworks */ = {isa = PBXBuildFile; fileRef = 468176DE1CB4EA7100331D64 /* CoreAudio.framework */; };
		468176E11CB4EA7900331D64 /* CoreMedia.framework in Frameworks */ = {isa = PBXBuildFile; fileRef = 468176E01CB4EA7900331D64 /* CoreMedia.framework */; };
		468176E31CB4EA8200331D64 /* CoreTelephony.framework in Frameworks */ = {isa = PBXBuildFile; fileRef = 468176E21CB4EA8200331D64 /* CoreTelephony.framework */; };
		468176E51CB4EA9200331D64 /* CoreVideo.framework in Frameworks */ = {isa = PBXBuildFile; fileRef = 468176E41CB4EA9200331D64 /* CoreVideo.framework */; };
		468176E71CB4EA9B00331D64 /* SystemConfiguration.framework in Frameworks */ = {isa = PBXBuildFile; fileRef = 468176E61CB4EA9B00331D64 /* SystemConfiguration.framework */; };
		468176E91CB4EAAD00331D64 /* OpenGLES.framework in Frameworks */ = {isa = PBXBuildFile; fileRef = 468176E81CB4EAAD00331D64 /* OpenGLES.framework */; };
		4681770F1CB4F46E00331D64 /* RCMessageBaseCell.m in Sources */ = {isa = PBXBuildFile; fileRef = 468176F71CB4F46E00331D64 /* RCMessageBaseCell.m */; };
		468177101CB4F46E00331D64 /* RCMessageCell.m in Sources */ = {isa = PBXBuildFile; fileRef = 468176F91CB4F46E00331D64 /* RCMessageCell.m */; };
		468177151CB4F46E00331D64 /* RCTextMessageCell.m in Sources */ = {isa = PBXBuildFile; fileRef = 468177041CB4F46E00331D64 /* RCTextMessageCell.m */; };
		468177161CB4F46E00331D64 /* RCTipMessageCell.m in Sources */ = {isa = PBXBuildFile; fileRef = 468177061CB4F46E00331D64 /* RCTipMessageCell.m */; };
		4681771E1CB4F66200331D64 /* RCMessageCellNotificationModel.m in Sources */ = {isa = PBXBuildFile; fileRef = 4681771B1CB4F66200331D64 /* RCMessageCellNotificationModel.m */; };
		4681771F1CB4F66200331D64 /* RCMessageModel.m in Sources */ = {isa = PBXBuildFile; fileRef = 4681771D1CB4F66200331D64 /* RCMessageModel.m */; };
		4681772C1CB4F68300331D64 /* RCLocalNotification.m in Sources */ = {isa = PBXBuildFile; fileRef = 468177251CB4F68300331D64 /* RCLocalNotification.m */; };
		4681772E1CB4F68300331D64 /* RCVoicePlayer.m in Sources */ = {isa = PBXBuildFile; fileRef = 468177291CB4F68300331D64 /* RCVoicePlayer.m */; };
		4681776E1CB4F72C00331D64 /* RCAttributedLabel.m in Sources */ = {isa = PBXBuildFile; fileRef = 4681773E1CB4F72C00331D64 /* RCAttributedLabel.m */; };
		468177701CB4F72C00331D64 /* RCContentView.m in Sources */ = {isa = PBXBuildFile; fileRef = 468177421CB4F72C00331D64 /* RCContentView.m */; };
		468177771CB4F72C00331D64 /* RCImageMessageProgressView.m in Sources */ = {isa = PBXBuildFile; fileRef = 468177501CB4F72C00331D64 /* RCImageMessageProgressView.m */; };
		468177821CB4F72C00331D64 /* RCTipLabel.m in Sources */ = {isa = PBXBuildFile; fileRef = 468177661CB4F72C00331D64 /* RCTipLabel.m */; };
		468177921CB4F77200331D64 /* RCKitUtility.m in Sources */ = {isa = PBXBuildFile; fileRef = 468177881CB4F77200331D64 /* RCKitUtility.m */; };
		4681779B1CB4FEAA00331D64 /* RCIM.m in Sources */ = {isa = PBXBuildFile; fileRef = 468177991CB4FEAA00331D64 /* RCIM.m */; };
		468AEFF41CEAAF5400F9D0D0 /* RCGiftMessage.m in Sources */ = {isa = PBXBuildFile; fileRef = 468AEFF31CEAAF5400F9D0D0 /* RCGiftMessage.m */; };
		468AEFF71CEAB18800F9D0D0 /* RCGiftMessageCell.m in Sources */ = {isa = PBXBuildFile; fileRef = 468AEFF61CEAB18800F9D0D0 /* RCGiftMessageCell.m */; };
		468F03AE1CCDBAFC00C4E621 /* RCCollectionViewHeader.m in Sources */ = {isa = PBXBuildFile; fileRef = 468F03AD1CCDBAFC00C4E621 /* RCCollectionViewHeader.m */; };
		469157A81D1919F4003E35E8 /* libUCloudMediaPlayer.a in Frameworks */ = {isa = PBXBuildFile; fileRef = 469157A31D1919F4003E35E8 /* libUCloudMediaPlayer.a */; };
		469157AC1D191A75003E35E8 /* UCLOUDLivePlaying.m in Sources */ = {isa = PBXBuildFile; fileRef = 469157AB1D191A75003E35E8 /* UCLOUDLivePlaying.m */; };
		46AD4BA61D4786670082BE2C /* Emoji.plist in Resources */ = {isa = PBXBuildFile; fileRef = 46AD4BA11D4786670082BE2C /* Emoji.plist */; };
		46AD4BA71D4786670082BE2C /* libopencore-amrnb.a in Frameworks */ = {isa = PBXBuildFile; fileRef = 46AD4BA21D4786670082BE2C /* libopencore-amrnb.a */; };
		46AD4BA81D4786670082BE2C /* RongCloud.bundle in Resources */ = {isa = PBXBuildFile; fileRef = 46AD4BA31D4786670082BE2C /* RongCloud.bundle */; };
		46AD4BA91D4786670082BE2C /* RongIMLib.framework in Frameworks */ = {isa = PBXBuildFile; fileRef = 46AD4BA41D4786670082BE2C /* RongIMLib.framework */; };
		46AD4BAA1D4786670082BE2C /* RongIMToolKit.framework in Frameworks */ = {isa = PBXBuildFile; fileRef = 46AD4BA51D4786670082BE2C /* RongIMToolKit.framework */; };
		46E77C131CCDF83E00BDA1F6 /* LICENSE in Resources */ = {isa = PBXBuildFile; fileRef = 46E77C0F1CCDF83E00BDA1F6 /* LICENSE */; };
		46E77C141CCDF83E00BDA1F6 /* MBProgressHUD.m in Sources */ = {isa = PBXBuildFile; fileRef = 46E77C111CCDF83E00BDA1F6 /* MBProgressHUD.m */; };
		46E77C151CCDF83E00BDA1F6 /* README.mdown in Sources */ = {isa = PBXBuildFile; fileRef = 46E77C121CCDF83E00BDA1F6 /* README.mdown */; };
		46E77C401CCDF84500BDA1F6 /* AFHTTPRequestOperation.m in Sources */ = {isa = PBXBuildFile; fileRef = 46E77C191CCDF84500BDA1F6 /* AFHTTPRequestOperation.m */; };
		46E77C411CCDF84500BDA1F6 /* AFHTTPRequestOperationManager.m in Sources */ = {isa = PBXBuildFile; fileRef = 46E77C1B1CCDF84500BDA1F6 /* AFHTTPRequestOperationManager.m */; };
		46E77C421CCDF84500BDA1F6 /* AFHTTPSessionManager.m in Sources */ = {isa = PBXBuildFile; fileRef = 46E77C1D1CCDF84500BDA1F6 /* AFHTTPSessionManager.m */; };
		46E77C431CCDF84500BDA1F6 /* AFNetworkReachabilityManager.m in Sources */ = {isa = PBXBuildFile; fileRef = 46E77C201CCDF84500BDA1F6 /* AFNetworkReachabilityManager.m */; };
		46E77C441CCDF84500BDA1F6 /* AFSecurityPolicy.m in Sources */ = {isa = PBXBuildFile; fileRef = 46E77C221CCDF84500BDA1F6 /* AFSecurityPolicy.m */; };
		46E77C451CCDF84500BDA1F6 /* AFURLConnectionOperation.m in Sources */ = {isa = PBXBuildFile; fileRef = 46E77C241CCDF84500BDA1F6 /* AFURLConnectionOperation.m */; };
		46E77C461CCDF84500BDA1F6 /* AFURLRequestSerialization.m in Sources */ = {isa = PBXBuildFile; fileRef = 46E77C261CCDF84500BDA1F6 /* AFURLRequestSerialization.m */; };
		46E77C471CCDF84500BDA1F6 /* AFURLResponseSerialization.m in Sources */ = {isa = PBXBuildFile; fileRef = 46E77C281CCDF84500BDA1F6 /* AFURLResponseSerialization.m */; };
		46E77C481CCDF84500BDA1F6 /* AFURLSessionManager.m in Sources */ = {isa = PBXBuildFile; fileRef = 46E77C2A1CCDF84500BDA1F6 /* AFURLSessionManager.m */; };
		46E77C491CCDF84500BDA1F6 /* LICENSE in Resources */ = {isa = PBXBuildFile; fileRef = 46E77C2B1CCDF84500BDA1F6 /* LICENSE */; };
		46E77C4A1CCDF84500BDA1F6 /* README.md in Sources */ = {isa = PBXBuildFile; fileRef = 46E77C2C1CCDF84500BDA1F6 /* README.md */; };
		46E77C4B1CCDF84500BDA1F6 /* AFNetworkActivityIndicatorManager.m in Sources */ = {isa = PBXBuildFile; fileRef = 46E77C2F1CCDF84500BDA1F6 /* AFNetworkActivityIndicatorManager.m */; };
		46E77C4C1CCDF84500BDA1F6 /* UIActivityIndicatorView+AFNetworking.m in Sources */ = {isa = PBXBuildFile; fileRef = 46E77C311CCDF84500BDA1F6 /* UIActivityIndicatorView+AFNetworking.m */; };
		46E77C4D1CCDF84500BDA1F6 /* UIAlertView+AFNetworking.m in Sources */ = {isa = PBXBuildFile; fileRef = 46E77C331CCDF84500BDA1F6 /* UIAlertView+AFNetworking.m */; };
		46E77C4E1CCDF84500BDA1F6 /* UIButton+AFNetworking.m in Sources */ = {isa = PBXBuildFile; fileRef = 46E77C351CCDF84500BDA1F6 /* UIButton+AFNetworking.m */; };
		46E77C4F1CCDF84500BDA1F6 /* UIImageView+AFNetworking.m in Sources */ = {isa = PBXBuildFile; fileRef = 46E77C381CCDF84500BDA1F6 /* UIImageView+AFNetworking.m */; };
		46E77C501CCDF84500BDA1F6 /* UIProgressView+AFNetworking.m in Sources */ = {isa = PBXBuildFile; fileRef = 46E77C3B1CCDF84500BDA1F6 /* UIProgressView+AFNetworking.m */; };
		46E77C511CCDF84500BDA1F6 /* UIRefreshControl+AFNetworking.m in Sources */ = {isa = PBXBuildFile; fileRef = 46E77C3D1CCDF84500BDA1F6 /* UIRefreshControl+AFNetworking.m */; };
		46E77C521CCDF84500BDA1F6 /* UIWebView+AFNetworking.m in Sources */ = {isa = PBXBuildFile; fileRef = 46E77C3F1CCDF84500BDA1F6 /* UIWebView+AFNetworking.m */; };
		F8AC6F9A1CD9A00B00C59570 /* KSYLivePlaying.m in Sources */ = {isa = PBXBuildFile; fileRef = F8AC6F991CD9A00B00C59570 /* KSYLivePlaying.m */; };
		F8AC6F9B1CD9A05400C59570 /* VideoToolbox.framework in Frameworks */ = {isa = PBXBuildFile; fileRef = F8D3BFB51CCE0C19005F551D /* VideoToolbox.framework */; };
		F8AC6F9C1CD9A05C00C59570 /* libbz2.tbd in Frameworks */ = {isa = PBXBuildFile; fileRef = F8D3BFB71CCE0C33005F551D /* libbz2.tbd */; };
		F8AC6F9D1CD9A06400C59570 /* libstdc++.6.tbd in Frameworks */ = {isa = PBXBuildFile; fileRef = F8D3BFB91CCE0CBB005F551D /* libstdc++.6.tbd */; };
/* End PBXBuildFile section */

/* Begin PBXContainerItemProxy section */
		468176981CB4E29000331D64 /* PBXContainerItemProxy */ = {
			isa = PBXContainerItemProxy;
			containerPortal = 468176761CB4E29000331D64 /* Project object */;
			proxyType = 1;
			remoteGlobalIDString = 4681767D1CB4E29000331D64;
			remoteInfo = RongChatRoomDemo;
		};
		468176A31CB4E29000331D64 /* PBXContainerItemProxy */ = {
			isa = PBXContainerItemProxy;
			containerPortal = 468176761CB4E29000331D64 /* Project object */;
			proxyType = 1;
			remoteGlobalIDString = 4681767D1CB4E29000331D64;
			remoteInfo = RongChatRoomDemo;
		};
/* End PBXContainerItemProxy section */

/* Begin PBXFileReference section */
		46668A2F1D07BBD9006C0E3D /* RCUnderlineTextField.h */ = {isa = PBXFileReference; fileEncoding = 4; lastKnownFileType = sourcecode.c.h; path = RCUnderlineTextField.h; sourceTree = "<group>"; };
		46668A301D07BBD9006C0E3D /* RCUnderlineTextField.m */ = {isa = PBXFileReference; fileEncoding = 4; lastKnownFileType = sourcecode.c.objc; path = RCUnderlineTextField.m; sourceTree = "<group>"; };
		4675F77B1D1A2C9600DCA139 /* UCloudPlayerManager.h */ = {isa = PBXFileReference; fileEncoding = 4; lastKnownFileType = sourcecode.c.h; path = UCloudPlayerManager.h; sourceTree = "<group>"; };
		4675F77C1D1A2C9600DCA139 /* UCloudPlayerManager.m */ = {isa = PBXFileReference; fileEncoding = 4; lastKnownFileType = sourcecode.c.objc; path = UCloudPlayerManager.m; sourceTree = "<group>"; };
		4681767E1CB4E29000331D64 /* RongChatRoomDemo.app */ = {isa = PBXFileReference; explicitFileType = wrapper.application; includeInIndex = 0; path = RongChatRoomDemo.app; sourceTree = BUILT_PRODUCTS_DIR; };
		468176821CB4E29000331D64 /* main.m */ = {isa = PBXFileReference; lastKnownFileType = sourcecode.c.objc; path = main.m; sourceTree = "<group>"; };
		468176841CB4E29000331D64 /* AppDelegate.h */ = {isa = PBXFileReference; lastKnownFileType = sourcecode.c.h; path = AppDelegate.h; sourceTree = "<group>"; };
		468176851CB4E29000331D64 /* AppDelegate.m */ = {isa = PBXFileReference; lastKnownFileType = sourcecode.c.objc; path = AppDelegate.m; sourceTree = "<group>"; };
		468176871CB4E29000331D64 /* LoginViewController.h */ = {isa = PBXFileReference; lastKnownFileType = sourcecode.c.h; path = LoginViewController.h; sourceTree = "<group>"; };
		468176881CB4E29000331D64 /* LoginViewController.m */ = {isa = PBXFileReference; lastKnownFileType = sourcecode.c.objc; path = LoginViewController.m; sourceTree = "<group>"; };
		4681768B1CB4E29000331D64 /* Base */ = {isa = PBXFileReference; lastKnownFileType = file.storyboard; name = Base; path = Base.lproj/Main.storyboard; sourceTree = "<group>"; };
		4681768D1CB4E29000331D64 /* Assets.xcassets */ = {isa = PBXFileReference; lastKnownFileType = folder.assetcatalog; path = Assets.xcassets; sourceTree = "<group>"; };
		468176901CB4E29000331D64 /* Base */ = {isa = PBXFileReference; lastKnownFileType = file.storyboard; name = Base; path = Base.lproj/LaunchScreen.storyboard; sourceTree = "<group>"; };
		468176921CB4E29000331D64 /* Info.plist */ = {isa = PBXFileReference; lastKnownFileType = text.plist.xml; path = Info.plist; sourceTree = "<group>"; };
		468176971CB4E29000331D64 /* RongChatRoomDemoTests.xctest */ = {isa = PBXFileReference; explicitFileType = wrapper.cfbundle; includeInIndex = 0; path = RongChatRoomDemoTests.xctest; sourceTree = BUILT_PRODUCTS_DIR; };
		4681769B1CB4E29000331D64 /* RongChatRoomDemoTests.m */ = {isa = PBXFileReference; lastKnownFileType = sourcecode.c.objc; path = RongChatRoomDemoTests.m; sourceTree = "<group>"; };
		4681769D1CB4E29000331D64 /* Info.plist */ = {isa = PBXFileReference; lastKnownFileType = text.plist.xml; path = Info.plist; sourceTree = "<group>"; };
		468176A21CB4E29000331D64 /* RongChatRoomDemoUITests.xctest */ = {isa = PBXFileReference; explicitFileType = wrapper.cfbundle; includeInIndex = 0; path = RongChatRoomDemoUITests.xctest; sourceTree = BUILT_PRODUCTS_DIR; };
		468176A61CB4E29000331D64 /* RongChatRoomDemoUITests.m */ = {isa = PBXFileReference; lastKnownFileType = sourcecode.c.objc; path = RongChatRoomDemoUITests.m; sourceTree = "<group>"; };
		468176A81CB4E29000331D64 /* Info.plist */ = {isa = PBXFileReference; lastKnownFileType = text.plist.xml; path = Info.plist; sourceTree = "<group>"; };
		468176C31CB4E7E700331D64 /* ChatRoomViewController.h */ = {isa = PBXFileReference; fileEncoding = 4; lastKnownFileType = sourcecode.c.h; path = ChatRoomViewController.h; sourceTree = "<group>"; };
		468176C41CB4E7E700331D64 /* ChatRoomViewController.m */ = {isa = PBXFileReference; fileEncoding = 4; lastKnownFileType = sourcecode.c.objc; path = ChatRoomViewController.m; sourceTree = "<group>"; };
		468176C61CB4E90600331D64 /* libopencore-amrnb.a */ = {isa = PBXFileReference; lastKnownFileType = archive.ar; name = "libopencore-amrnb.a"; path = "RongChatRoomDemo/libopencore-amrnb.a"; sourceTree = "<group>"; };
		468176C81CB4E97000331D64 /* libc++.tbd */ = {isa = PBXFileReference; lastKnownFileType = "sourcecode.text-based-dylib-definition"; name = "libc++.tbd"; path = "usr/lib/libc++.tbd"; sourceTree = SDKROOT; };
		468176CA1CB4E97E00331D64 /* libsqlite3.tbd */ = {isa = PBXFileReference; lastKnownFileType = "sourcecode.text-based-dylib-definition"; name = libsqlite3.tbd; path = usr/lib/libsqlite3.tbd; sourceTree = SDKROOT; };
		468176CC1CB4E99400331D64 /* libstdc++.tbd */ = {isa = PBXFileReference; lastKnownFileType = "sourcecode.text-based-dylib-definition"; name = "libstdc++.tbd"; path = "usr/lib/libstdc++.tbd"; sourceTree = SDKROOT; };
		468176CE1CB4E9F800331D64 /* libz.tbd */ = {isa = PBXFileReference; lastKnownFileType = "sourcecode.text-based-dylib-definition"; name = libz.tbd; path = usr/lib/libz.tbd; sourceTree = SDKROOT; };
		468176D01CB4EA0300331D64 /* libxml2.tbd */ = {isa = PBXFileReference; lastKnownFileType = "sourcecode.text-based-dylib-definition"; name = libxml2.tbd; path = usr/lib/libxml2.tbd; sourceTree = SDKROOT; };
		468176D21CB4EA1F00331D64 /* AssetsLibrary.framework */ = {isa = PBXFileReference; lastKnownFileType = wrapper.framework; name = AssetsLibrary.framework; path = System/Library/Frameworks/AssetsLibrary.framework; sourceTree = SDKROOT; };
		468176D41CB4EA2900331D64 /* CoreGraphics.framework */ = {isa = PBXFileReference; lastKnownFileType = wrapper.framework; name = CoreGraphics.framework; path = System/Library/Frameworks/CoreGraphics.framework; sourceTree = SDKROOT; };
		468176D61CB4EA3200331D64 /* UIKit.framework */ = {isa = PBXFileReference; lastKnownFileType = wrapper.framework; name = UIKit.framework; path = System/Library/Frameworks/UIKit.framework; sourceTree = SDKROOT; };
		468176D81CB4EA5300331D64 /* AVFoundation.framework */ = {isa = PBXFileReference; lastKnownFileType = wrapper.framework; name = AVFoundation.framework; path = System/Library/Frameworks/AVFoundation.framework; sourceTree = SDKROOT; };
		468176DA1CB4EA5C00331D64 /* AudioToolbox.framework */ = {isa = PBXFileReference; lastKnownFileType = wrapper.framework; name = AudioToolbox.framework; path = System/Library/Frameworks/AudioToolbox.framework; sourceTree = SDKROOT; };
		468176DC1CB4EA6500331D64 /* CFNetwork.framework */ = {isa = PBXFileReference; lastKnownFileType = wrapper.framework; name = CFNetwork.framework; path = System/Library/Frameworks/CFNetwork.framework; sourceTree = SDKROOT; };
		468176DE1CB4EA7100331D64 /* CoreAudio.framework */ = {isa = PBXFileReference; lastKnownFileType = wrapper.framework; name = CoreAudio.framework; path = System/Library/Frameworks/CoreAudio.framework; sourceTree = SDKROOT; };
		468176E01CB4EA7900331D64 /* CoreMedia.framework */ = {isa = PBXFileReference; lastKnownFileType = wrapper.framework; name = CoreMedia.framework; path = System/Library/Frameworks/CoreMedia.framework; sourceTree = SDKROOT; };
		468176E21CB4EA8200331D64 /* CoreTelephony.framework */ = {isa = PBXFileReference; lastKnownFileType = wrapper.framework; name = CoreTelephony.framework; path = System/Library/Frameworks/CoreTelephony.framework; sourceTree = SDKROOT; };
		468176E41CB4EA9200331D64 /* CoreVideo.framework */ = {isa = PBXFileReference; lastKnownFileType = wrapper.framework; name = CoreVideo.framework; path = System/Library/Frameworks/CoreVideo.framework; sourceTree = SDKROOT; };
		468176E61CB4EA9B00331D64 /* SystemConfiguration.framework */ = {isa = PBXFileReference; lastKnownFileType = wrapper.framework; name = SystemConfiguration.framework; path = System/Library/Frameworks/SystemConfiguration.framework; sourceTree = SDKROOT; };
		468176E81CB4EAAD00331D64 /* OpenGLES.framework */ = {isa = PBXFileReference; lastKnownFileType = wrapper.framework; name = OpenGLES.framework; path = System/Library/Frameworks/OpenGLES.framework; sourceTree = SDKROOT; };
		468176F61CB4F46E00331D64 /* RCMessageBaseCell.h */ = {isa = PBXFileReference; fileEncoding = 4; lastKnownFileType = sourcecode.c.h; name = RCMessageBaseCell.h; path = messageCell/RCMessageBaseCell.h; sourceTree = "<group>"; };
		468176F71CB4F46E00331D64 /* RCMessageBaseCell.m */ = {isa = PBXFileReference; fileEncoding = 4; lastKnownFileType = sourcecode.c.objc; name = RCMessageBaseCell.m; path = messageCell/RCMessageBaseCell.m; sourceTree = "<group>"; };
		468176F81CB4F46E00331D64 /* RCMessageCell.h */ = {isa = PBXFileReference; fileEncoding = 4; lastKnownFileType = sourcecode.c.h; name = RCMessageCell.h; path = messageCell/RCMessageCell.h; sourceTree = "<group>"; };
		468176F91CB4F46E00331D64 /* RCMessageCell.m */ = {isa = PBXFileReference; fileEncoding = 4; lastKnownFileType = sourcecode.c.objc; name = RCMessageCell.m; path = messageCell/RCMessageCell.m; sourceTree = "<group>"; };
		468176FA1CB4F46E00331D64 /* RCMessageCellDelegate.h */ = {isa = PBXFileReference; fileEncoding = 4; lastKnownFileType = sourcecode.c.h; name = RCMessageCellDelegate.h; path = messageCell/RCMessageCellDelegate.h; sourceTree = "<group>"; };
		468177031CB4F46E00331D64 /* RCTextMessageCell.h */ = {isa = PBXFileReference; fileEncoding = 4; lastKnownFileType = sourcecode.c.h; name = RCTextMessageCell.h; path = messageCell/RCTextMessageCell.h; sourceTree = "<group>"; };
		468177041CB4F46E00331D64 /* RCTextMessageCell.m */ = {isa = PBXFileReference; fileEncoding = 4; lastKnownFileType = sourcecode.c.objc; name = RCTextMessageCell.m; path = messageCell/RCTextMessageCell.m; sourceTree = "<group>"; };
		468177051CB4F46E00331D64 /* RCTipMessageCell.h */ = {isa = PBXFileReference; fileEncoding = 4; lastKnownFileType = sourcecode.c.h; name = RCTipMessageCell.h; path = messageCell/RCTipMessageCell.h; sourceTree = "<group>"; };
		468177061CB4F46E00331D64 /* RCTipMessageCell.m */ = {isa = PBXFileReference; fileEncoding = 4; lastKnownFileType = sourcecode.c.objc; name = RCTipMessageCell.m; path = messageCell/RCTipMessageCell.m; sourceTree = "<group>"; };
		4681771A1CB4F66200331D64 /* RCMessageCellNotificationModel.h */ = {isa = PBXFileReference; fileEncoding = 4; lastKnownFileType = sourcecode.c.h; name = RCMessageCellNotificationModel.h; path = Model/RCMessageCellNotificationModel.h; sourceTree = "<group>"; };
		4681771B1CB4F66200331D64 /* RCMessageCellNotificationModel.m */ = {isa = PBXFileReference; fileEncoding = 4; lastKnownFileType = sourcecode.c.objc; name = RCMessageCellNotificationModel.m; path = Model/RCMessageCellNotificationModel.m; sourceTree = "<group>"; };
		4681771C1CB4F66200331D64 /* RCMessageModel.h */ = {isa = PBXFileReference; fileEncoding = 4; lastKnownFileType = sourcecode.c.h; name = RCMessageModel.h; path = Model/RCMessageModel.h; sourceTree = "<group>"; };
		4681771D1CB4F66200331D64 /* RCMessageModel.m */ = {isa = PBXFileReference; fileEncoding = 4; lastKnownFileType = sourcecode.c.objc; name = RCMessageModel.m; path = Model/RCMessageModel.m; sourceTree = "<group>"; };
		468177211CB4F67600331D64 /* RCKitCommonDefine.h */ = {isa = PBXFileReference; fileEncoding = 4; lastKnownFileType = sourcecode.c.h; path = RCKitCommonDefine.h; sourceTree = "<group>"; };
		468177241CB4F68300331D64 /* RCLocalNotification.h */ = {isa = PBXFileReference; fileEncoding = 4; lastKnownFileType = sourcecode.c.h; path = RCLocalNotification.h; sourceTree = "<group>"; };
		468177251CB4F68300331D64 /* RCLocalNotification.m */ = {isa = PBXFileReference; fileEncoding = 4; lastKnownFileType = sourcecode.c.objc; path = RCLocalNotification.m; sourceTree = "<group>"; };
		468177281CB4F68300331D64 /* RCVoicePlayer.h */ = {isa = PBXFileReference; fileEncoding = 4; lastKnownFileType = sourcecode.c.h; path = RCVoicePlayer.h; sourceTree = "<group>"; };
		468177291CB4F68300331D64 /* RCVoicePlayer.m */ = {isa = PBXFileReference; fileEncoding = 4; lastKnownFileType = sourcecode.c.objc; path = RCVoicePlayer.m; sourceTree = "<group>"; };
		4681773D1CB4F72C00331D64 /* RCAttributedLabel.h */ = {isa = PBXFileReference; fileEncoding = 4; lastKnownFileType = sourcecode.c.h; path = RCAttributedLabel.h; sourceTree = "<group>"; };
		4681773E1CB4F72C00331D64 /* RCAttributedLabel.m */ = {isa = PBXFileReference; fileEncoding = 4; lastKnownFileType = sourcecode.c.objc; path = RCAttributedLabel.m; sourceTree = "<group>"; };
		468177411CB4F72C00331D64 /* RCContentView.h */ = {isa = PBXFileReference; fileEncoding = 4; lastKnownFileType = sourcecode.c.h; path = RCContentView.h; sourceTree = "<group>"; };
		468177421CB4F72C00331D64 /* RCContentView.m */ = {isa = PBXFileReference; fileEncoding = 4; lastKnownFileType = sourcecode.c.objc; path = RCContentView.m; sourceTree = "<group>"; };
		4681774F1CB4F72C00331D64 /* RCImageMessageProgressView.h */ = {isa = PBXFileReference; fileEncoding = 4; lastKnownFileType = sourcecode.c.h; path = RCImageMessageProgressView.h; sourceTree = "<group>"; };
		468177501CB4F72C00331D64 /* RCImageMessageProgressView.m */ = {isa = PBXFileReference; fileEncoding = 4; lastKnownFileType = sourcecode.c.objc; path = RCImageMessageProgressView.m; sourceTree = "<group>"; };
		468177651CB4F72C00331D64 /* RCTipLabel.h */ = {isa = PBXFileReference; fileEncoding = 4; lastKnownFileType = sourcecode.c.h; path = RCTipLabel.h; sourceTree = "<group>"; };
		468177661CB4F72C00331D64 /* RCTipLabel.m */ = {isa = PBXFileReference; fileEncoding = 4; lastKnownFileType = sourcecode.c.objc; path = RCTipLabel.m; sourceTree = "<group>"; };
		468177871CB4F77200331D64 /* RCKitUtility.h */ = {isa = PBXFileReference; fileEncoding = 4; lastKnownFileType = sourcecode.c.h; path = RCKitUtility.h; sourceTree = "<group>"; };
		468177881CB4F77200331D64 /* RCKitUtility.m */ = {isa = PBXFileReference; fileEncoding = 4; lastKnownFileType = sourcecode.c.objc; path = RCKitUtility.m; sourceTree = "<group>"; };
		468177971CB4F83600331D64 /* PrefixHeader.pch */ = {isa = PBXFileReference; lastKnownFileType = sourcecode.c.h; path = PrefixHeader.pch; sourceTree = "<group>"; };
		468177981CB4FEAA00331D64 /* RCIM.h */ = {isa = PBXFileReference; fileEncoding = 4; lastKnownFileType = sourcecode.c.h; path = RCIM.h; sourceTree = "<group>"; };
		468177991CB4FEAA00331D64 /* RCIM.m */ = {isa = PBXFileReference; fileEncoding = 4; lastKnownFileType = sourcecode.c.objc; path = RCIM.m; sourceTree = "<group>"; };
		468AEFF21CEAAF5400F9D0D0 /* RCGiftMessage.h */ = {isa = PBXFileReference; fileEncoding = 4; lastKnownFileType = sourcecode.c.h; name = RCGiftMessage.h; path = Model/RCGiftMessage.h; sourceTree = "<group>"; };
		468AEFF31CEAAF5400F9D0D0 /* RCGiftMessage.m */ = {isa = PBXFileReference; fileEncoding = 4; lastKnownFileType = sourcecode.c.objc; name = RCGiftMessage.m; path = Model/RCGiftMessage.m; sourceTree = "<group>"; };
		468AEFF51CEAB18800F9D0D0 /* RCGiftMessageCell.h */ = {isa = PBXFileReference; fileEncoding = 4; lastKnownFileType = sourcecode.c.h; name = RCGiftMessageCell.h; path = messageCell/RCGiftMessageCell.h; sourceTree = "<group>"; };
		468AEFF61CEAB18800F9D0D0 /* RCGiftMessageCell.m */ = {isa = PBXFileReference; fileEncoding = 4; lastKnownFileType = sourcecode.c.objc; name = RCGiftMessageCell.m; path = messageCell/RCGiftMessageCell.m; sourceTree = "<group>"; };
		468F03AC1CCDBAFC00C4E621 /* RCCollectionViewHeader.h */ = {isa = PBXFileReference; fileEncoding = 4; lastKnownFileType = sourcecode.c.h; path = RCCollectionViewHeader.h; sourceTree = "<group>"; };
		468F03AD1CCDBAFC00C4E621 /* RCCollectionViewHeader.m */ = {isa = PBXFileReference; fileEncoding = 4; lastKnownFileType = sourcecode.c.objc; path = RCCollectionViewHeader.m; sourceTree = "<group>"; };
		469157A31D1919F4003E35E8 /* libUCloudMediaPlayer.a */ = {isa = PBXFileReference; lastKnownFileType = archive.ar; path = libUCloudMediaPlayer.a; sourceTree = "<group>"; };
		469157A41D1919F4003E35E8 /* UCloudMediaModule.h */ = {isa = PBXFileReference; fileEncoding = 4; lastKnownFileType = sourcecode.c.h; path = UCloudMediaModule.h; sourceTree = "<group>"; };
		469157A51D1919F4003E35E8 /* UCloudMediaPlayback.h */ = {isa = PBXFileReference; fileEncoding = 4; lastKnownFileType = sourcecode.c.h; path = UCloudMediaPlayback.h; sourceTree = "<group>"; };
		469157A61D1919F4003E35E8 /* UCloudMediaPlayer.h */ = {isa = PBXFileReference; fileEncoding = 4; lastKnownFileType = sourcecode.c.h; path = UCloudMediaPlayer.h; sourceTree = "<group>"; };
		469157A71D1919F4003E35E8 /* UCloudPlayback.h */ = {isa = PBXFileReference; fileEncoding = 4; lastKnownFileType = sourcecode.c.h; path = UCloudPlayback.h; sourceTree = "<group>"; };
		469157AA1D191A75003E35E8 /* UCLOUDLivePlaying.h */ = {isa = PBXFileReference; fileEncoding = 4; lastKnownFileType = sourcecode.c.h; path = UCLOUDLivePlaying.h; sourceTree = "<group>"; };
		469157AB1D191A75003E35E8 /* UCLOUDLivePlaying.m */ = {isa = PBXFileReference; fileEncoding = 4; lastKnownFileType = sourcecode.c.objc; path = UCLOUDLivePlaying.m; sourceTree = "<group>"; };
		46AD4BA11D4786670082BE2C /* Emoji.plist */ = {isa = PBXFileReference; fileEncoding = 4; lastKnownFileType = text.plist.xml; name = Emoji.plist; path = framework/Emoji.plist; sourceTree = "<group>"; };
		46AD4BA21D4786670082BE2C /* libopencore-amrnb.a */ = {isa = PBXFileReference; lastKnownFileType = archive.ar; name = "libopencore-amrnb.a"; path = "framework/libopencore-amrnb.a"; sourceTree = "<group>"; };
		46AD4BA31D4786670082BE2C /* RongCloud.bundle */ = {isa = PBXFileReference; lastKnownFileType = "wrapper.plug-in"; name = RongCloud.bundle; path = framework/RongCloud.bundle; sourceTree = "<group>"; };
		46AD4BA41D4786670082BE2C /* RongIMLib.framework */ = {isa = PBXFileReference; lastKnownFileType = wrapper.framework; name = RongIMLib.framework; path = framework/RongIMLib.framework; sourceTree = "<group>"; };
		46AD4BA51D4786670082BE2C /* RongIMToolKit.framework */ = {isa = PBXFileReference; lastKnownFileType = wrapper.framework; name = RongIMToolKit.framework; path = framework/RongIMToolKit.framework; sourceTree = "<group>"; };
		46E77C0F1CCDF83E00BDA1F6 /* LICENSE */ = {isa = PBXFileReference; fileEncoding = 4; lastKnownFileType = text; path = LICENSE; sourceTree = "<group>"; };
		46E77C101CCDF83E00BDA1F6 /* MBProgressHUD.h */ = {isa = PBXFileReference; fileEncoding = 4; lastKnownFileType = sourcecode.c.h; path = MBProgressHUD.h; sourceTree = "<group>"; };
		46E77C111CCDF83E00BDA1F6 /* MBProgressHUD.m */ = {isa = PBXFileReference; fileEncoding = 4; lastKnownFileType = sourcecode.c.objc; path = MBProgressHUD.m; sourceTree = "<group>"; };
		46E77C121CCDF83E00BDA1F6 /* README.mdown */ = {isa = PBXFileReference; fileEncoding = 4; lastKnownFileType = net.daringfireball.markdown; path = README.mdown; sourceTree = "<group>"; };
		46E77C181CCDF84500BDA1F6 /* AFHTTPRequestOperation.h */ = {isa = PBXFileReference; fileEncoding = 4; lastKnownFileType = sourcecode.c.h; path = AFHTTPRequestOperation.h; sourceTree = "<group>"; };
		46E77C191CCDF84500BDA1F6 /* AFHTTPRequestOperation.m */ = {isa = PBXFileReference; fileEncoding = 4; lastKnownFileType = sourcecode.c.objc; path = AFHTTPRequestOperation.m; sourceTree = "<group>"; };
		46E77C1A1CCDF84500BDA1F6 /* AFHTTPRequestOperationManager.h */ = {isa = PBXFileReference; fileEncoding = 4; lastKnownFileType = sourcecode.c.h; path = AFHTTPRequestOperationManager.h; sourceTree = "<group>"; };
		46E77C1B1CCDF84500BDA1F6 /* AFHTTPRequestOperationManager.m */ = {isa = PBXFileReference; fileEncoding = 4; lastKnownFileType = sourcecode.c.objc; path = AFHTTPRequestOperationManager.m; sourceTree = "<group>"; };
		46E77C1C1CCDF84500BDA1F6 /* AFHTTPSessionManager.h */ = {isa = PBXFileReference; fileEncoding = 4; lastKnownFileType = sourcecode.c.h; path = AFHTTPSessionManager.h; sourceTree = "<group>"; };
		46E77C1D1CCDF84500BDA1F6 /* AFHTTPSessionManager.m */ = {isa = PBXFileReference; fileEncoding = 4; lastKnownFileType = sourcecode.c.objc; path = AFHTTPSessionManager.m; sourceTree = "<group>"; };
		46E77C1E1CCDF84500BDA1F6 /* AFNetworking.h */ = {isa = PBXFileReference; fileEncoding = 4; lastKnownFileType = sourcecode.c.h; path = AFNetworking.h; sourceTree = "<group>"; };
		46E77C1F1CCDF84500BDA1F6 /* AFNetworkReachabilityManager.h */ = {isa = PBXFileReference; fileEncoding = 4; lastKnownFileType = sourcecode.c.h; path = AFNetworkReachabilityManager.h; sourceTree = "<group>"; };
		46E77C201CCDF84500BDA1F6 /* AFNetworkReachabilityManager.m */ = {isa = PBXFileReference; fileEncoding = 4; lastKnownFileType = sourcecode.c.objc; path = AFNetworkReachabilityManager.m; sourceTree = "<group>"; };
		46E77C211CCDF84500BDA1F6 /* AFSecurityPolicy.h */ = {isa = PBXFileReference; fileEncoding = 4; lastKnownFileType = sourcecode.c.h; path = AFSecurityPolicy.h; sourceTree = "<group>"; };
		46E77C221CCDF84500BDA1F6 /* AFSecurityPolicy.m */ = {isa = PBXFileReference; fileEncoding = 4; lastKnownFileType = sourcecode.c.objc; path = AFSecurityPolicy.m; sourceTree = "<group>"; };
		46E77C231CCDF84500BDA1F6 /* AFURLConnectionOperation.h */ = {isa = PBXFileReference; fileEncoding = 4; lastKnownFileType = sourcecode.c.h; path = AFURLConnectionOperation.h; sourceTree = "<group>"; };
		46E77C241CCDF84500BDA1F6 /* AFURLConnectionOperation.m */ = {isa = PBXFileReference; fileEncoding = 4; lastKnownFileType = sourcecode.c.objc; path = AFURLConnectionOperation.m; sourceTree = "<group>"; };
		46E77C251CCDF84500BDA1F6 /* AFURLRequestSerialization.h */ = {isa = PBXFileReference; fileEncoding = 4; lastKnownFileType = sourcecode.c.h; path = AFURLRequestSerialization.h; sourceTree = "<group>"; };
		46E77C261CCDF84500BDA1F6 /* AFURLRequestSerialization.m */ = {isa = PBXFileReference; fileEncoding = 4; lastKnownFileType = sourcecode.c.objc; path = AFURLRequestSerialization.m; sourceTree = "<group>"; };
		46E77C271CCDF84500BDA1F6 /* AFURLResponseSerialization.h */ = {isa = PBXFileReference; fileEncoding = 4; lastKnownFileType = sourcecode.c.h; path = AFURLResponseSerialization.h; sourceTree = "<group>"; };
		46E77C281CCDF84500BDA1F6 /* AFURLResponseSerialization.m */ = {isa = PBXFileReference; fileEncoding = 4; lastKnownFileType = sourcecode.c.objc; path = AFURLResponseSerialization.m; sourceTree = "<group>"; };
		46E77C291CCDF84500BDA1F6 /* AFURLSessionManager.h */ = {isa = PBXFileReference; fileEncoding = 4; lastKnownFileType = sourcecode.c.h; path = AFURLSessionManager.h; sourceTree = "<group>"; };
		46E77C2A1CCDF84500BDA1F6 /* AFURLSessionManager.m */ = {isa = PBXFileReference; fileEncoding = 4; lastKnownFileType = sourcecode.c.objc; path = AFURLSessionManager.m; sourceTree = "<group>"; };
		46E77C2B1CCDF84500BDA1F6 /* LICENSE */ = {isa = PBXFileReference; fileEncoding = 4; lastKnownFileType = text; path = LICENSE; sourceTree = "<group>"; };
		46E77C2C1CCDF84500BDA1F6 /* README.md */ = {isa = PBXFileReference; fileEncoding = 4; lastKnownFileType = net.daringfireball.markdown; path = README.md; sourceTree = "<group>"; };
		46E77C2E1CCDF84500BDA1F6 /* AFNetworkActivityIndicatorManager.h */ = {isa = PBXFileReference; fileEncoding = 4; lastKnownFileType = sourcecode.c.h; path = AFNetworkActivityIndicatorManager.h; sourceTree = "<group>"; };
		46E77C2F1CCDF84500BDA1F6 /* AFNetworkActivityIndicatorManager.m */ = {isa = PBXFileReference; fileEncoding = 4; lastKnownFileType = sourcecode.c.objc; path = AFNetworkActivityIndicatorManager.m; sourceTree = "<group>"; };
		46E77C301CCDF84500BDA1F6 /* UIActivityIndicatorView+AFNetworking.h */ = {isa = PBXFileReference; fileEncoding = 4; lastKnownFileType = sourcecode.c.h; path = "UIActivityIndicatorView+AFNetworking.h"; sourceTree = "<group>"; };
		46E77C311CCDF84500BDA1F6 /* UIActivityIndicatorView+AFNetworking.m */ = {isa = PBXFileReference; fileEncoding = 4; lastKnownFileType = sourcecode.c.objc; path = "UIActivityIndicatorView+AFNetworking.m"; sourceTree = "<group>"; };
		46E77C321CCDF84500BDA1F6 /* UIAlertView+AFNetworking.h */ = {isa = PBXFileReference; fileEncoding = 4; lastKnownFileType = sourcecode.c.h; path = "UIAlertView+AFNetworking.h"; sourceTree = "<group>"; };
		46E77C331CCDF84500BDA1F6 /* UIAlertView+AFNetworking.m */ = {isa = PBXFileReference; fileEncoding = 4; lastKnownFileType = sourcecode.c.objc; path = "UIAlertView+AFNetworking.m"; sourceTree = "<group>"; };
		46E77C341CCDF84500BDA1F6 /* UIButton+AFNetworking.h */ = {isa = PBXFileReference; fileEncoding = 4; lastKnownFileType = sourcecode.c.h; path = "UIButton+AFNetworking.h"; sourceTree = "<group>"; };
		46E77C351CCDF84500BDA1F6 /* UIButton+AFNetworking.m */ = {isa = PBXFileReference; fileEncoding = 4; lastKnownFileType = sourcecode.c.objc; path = "UIButton+AFNetworking.m"; sourceTree = "<group>"; };
		46E77C361CCDF84500BDA1F6 /* UIImage+AFNetworking.h */ = {isa = PBXFileReference; fileEncoding = 4; lastKnownFileType = sourcecode.c.h; path = "UIImage+AFNetworking.h"; sourceTree = "<group>"; };
		46E77C371CCDF84500BDA1F6 /* UIImageView+AFNetworking.h */ = {isa = PBXFileReference; fileEncoding = 4; lastKnownFileType = sourcecode.c.h; path = "UIImageView+AFNetworking.h"; sourceTree = "<group>"; };
		46E77C381CCDF84500BDA1F6 /* UIImageView+AFNetworking.m */ = {isa = PBXFileReference; fileEncoding = 4; lastKnownFileType = sourcecode.c.objc; path = "UIImageView+AFNetworking.m"; sourceTree = "<group>"; };
		46E77C391CCDF84500BDA1F6 /* UIKit+AFNetworking.h */ = {isa = PBXFileReference; fileEncoding = 4; lastKnownFileType = sourcecode.c.h; path = "UIKit+AFNetworking.h"; sourceTree = "<group>"; };
		46E77C3A1CCDF84500BDA1F6 /* UIProgressView+AFNetworking.h */ = {isa = PBXFileReference; fileEncoding = 4; lastKnownFileType = sourcecode.c.h; path = "UIProgressView+AFNetworking.h"; sourceTree = "<group>"; };
		46E77C3B1CCDF84500BDA1F6 /* UIProgressView+AFNetworking.m */ = {isa = PBXFileReference; fileEncoding = 4; lastKnownFileType = sourcecode.c.objc; path = "UIProgressView+AFNetworking.m"; sourceTree = "<group>"; };
		46E77C3C1CCDF84500BDA1F6 /* UIRefreshControl+AFNetworking.h */ = {isa = PBXFileReference; fileEncoding = 4; lastKnownFileType = sourcecode.c.h; path = "UIRefreshControl+AFNetworking.h"; sourceTree = "<group>"; };
		46E77C3D1CCDF84500BDA1F6 /* UIRefreshControl+AFNetworking.m */ = {isa = PBXFileReference; fileEncoding = 4; lastKnownFileType = sourcecode.c.objc; path = "UIRefreshControl+AFNetworking.m"; sourceTree = "<group>"; };
		46E77C3E1CCDF84500BDA1F6 /* UIWebView+AFNetworking.h */ = {isa = PBXFileReference; fileEncoding = 4; lastKnownFileType = sourcecode.c.h; path = "UIWebView+AFNetworking.h"; sourceTree = "<group>"; };
		46E77C3F1CCDF84500BDA1F6 /* UIWebView+AFNetworking.m */ = {isa = PBXFileReference; fileEncoding = 4; lastKnownFileType = sourcecode.c.objc; path = "UIWebView+AFNetworking.m"; sourceTree = "<group>"; };
		F8AC6F981CD9A00B00C59570 /* KSYLivePlaying.h */ = {isa = PBXFileReference; fileEncoding = 4; lastKnownFileType = sourcecode.c.h; name = KSYLivePlaying.h; path = Live/KSY/KSYLivePlaying.h; sourceTree = "<group>"; };
		F8AC6F991CD9A00B00C59570 /* KSYLivePlaying.m */ = {isa = PBXFileReference; fileEncoding = 4; lastKnownFileType = sourcecode.c.objc; name = KSYLivePlaying.m; path = Live/KSY/KSYLivePlaying.m; sourceTree = "<group>"; };
		F8D3BFB51CCE0C19005F551D /* VideoToolbox.framework */ = {isa = PBXFileReference; lastKnownFileType = wrapper.framework; name = VideoToolbox.framework; path = System/Library/Frameworks/VideoToolbox.framework; sourceTree = SDKROOT; };
		F8D3BFB71CCE0C33005F551D /* libbz2.tbd */ = {isa = PBXFileReference; lastKnownFileType = "sourcecode.text-based-dylib-definition"; name = libbz2.tbd; path = usr/lib/libbz2.tbd; sourceTree = SDKROOT; };
		F8D3BFB91CCE0CBB005F551D /* libstdc++.6.tbd */ = {isa = PBXFileReference; lastKnownFileType = "sourcecode.text-based-dylib-definition"; name = "libstdc++.6.tbd"; path = "usr/lib/libstdc++.6.tbd"; sourceTree = SDKROOT; };
		F8D3C00A1CCE1A47005F551D /* AdSupport.framework */ = {isa = PBXFileReference; lastKnownFileType = wrapper.framework; name = AdSupport.framework; path = System/Library/Frameworks/AdSupport.framework; sourceTree = SDKROOT; };
		F8D3C00D1CCE1A84005F551D /* libiconv.tbd */ = {isa = PBXFileReference; lastKnownFileType = "sourcecode.text-based-dylib-definition"; name = libiconv.tbd; path = usr/lib/libiconv.tbd; sourceTree = SDKROOT; };
		F8D3C00F1CCE1AA2005F551D /* MediaPlayer.framework */ = {isa = PBXFileReference; lastKnownFileType = wrapper.framework; name = MediaPlayer.framework; path = System/Library/Frameworks/MediaPlayer.framework; sourceTree = SDKROOT; };
		F8D3C0111CCE1B50005F551D /* CoreData.framework */ = {isa = PBXFileReference; lastKnownFileType = wrapper.framework; name = CoreData.framework; path = System/Library/Frameworks/CoreData.framework; sourceTree = SDKROOT; };
		F8D3C0131CCE1B72005F551D /* CoreLocation.framework */ = {isa = PBXFileReference; lastKnownFileType = wrapper.framework; name = CoreLocation.framework; path = System/Library/Frameworks/CoreLocation.framework; sourceTree = SDKROOT; };
		F8D3C0151CCE1B8C005F551D /* JavaScriptCore.framework */ = {isa = PBXFileReference; lastKnownFileType = wrapper.framework; name = JavaScriptCore.framework; path = System/Library/Frameworks/JavaScriptCore.framework; sourceTree = SDKROOT; };
/* End PBXFileReference section */

/* Begin PBXFrameworksBuildPhase section */
		4681767B1CB4E29000331D64 /* Frameworks */ = {
			isa = PBXFrameworksBuildPhase;
			buildActionMask = 2147483647;
			files = (
				F8AC6F9D1CD9A06400C59570 /* libstdc++.6.tbd in Frameworks */,
				F8AC6F9C1CD9A05C00C59570 /* libbz2.tbd in Frameworks */,
				F8AC6F9B1CD9A05400C59570 /* VideoToolbox.framework in Frameworks */,
				468176E91CB4EAAD00331D64 /* OpenGLES.framework in Frameworks */,
				46AD4BAA1D4786670082BE2C /* RongIMToolKit.framework in Frameworks */,
				468176E71CB4EA9B00331D64 /* SystemConfiguration.framework in Frameworks */,
				468176E51CB4EA9200331D64 /* CoreVideo.framework in Frameworks */,
				468176E31CB4EA8200331D64 /* CoreTelephony.framework in Frameworks */,
				468176E11CB4EA7900331D64 /* CoreMedia.framework in Frameworks */,
				469157A81D1919F4003E35E8 /* libUCloudMediaPlayer.a in Frameworks */,
				468176DF1CB4EA7100331D64 /* CoreAudio.framework in Frameworks */,
				46AD4BA91D4786670082BE2C /* RongIMLib.framework in Frameworks */,
				468176DD1CB4EA6500331D64 /* CFNetwork.framework in Frameworks */,
				468176DB1CB4EA5C00331D64 /* AudioToolbox.framework in Frameworks */,
				46AD4BA71D4786670082BE2C /* libopencore-amrnb.a in Frameworks */,
				468176D91CB4EA5300331D64 /* AVFoundation.framework in Frameworks */,
				468176D71CB4EA3200331D64 /* UIKit.framework in Frameworks */,
				468176D51CB4EA2900331D64 /* CoreGraphics.framework in Frameworks */,
				468176D31CB4EA1F00331D64 /* AssetsLibrary.framework in Frameworks */,
				468176D11CB4EA0300331D64 /* libxml2.tbd in Frameworks */,
				468176CF1CB4E9F800331D64 /* libz.tbd in Frameworks */,
				468176CD1CB4E99400331D64 /* libstdc++.tbd in Frameworks */,
				468176CB1CB4E97E00331D64 /* libsqlite3.tbd in Frameworks */,
				468176C91CB4E97000331D64 /* libc++.tbd in Frameworks */,
				468176C71CB4E90600331D64 /* libopencore-amrnb.a in Frameworks */,
			);
			runOnlyForDeploymentPostprocessing = 0;
		};
		468176941CB4E29000331D64 /* Frameworks */ = {
			isa = PBXFrameworksBuildPhase;
			buildActionMask = 2147483647;
			files = (
			);
			runOnlyForDeploymentPostprocessing = 0;
		};
		4681769F1CB4E29000331D64 /* Frameworks */ = {
			isa = PBXFrameworksBuildPhase;
			buildActionMask = 2147483647;
			files = (
			);
			runOnlyForDeploymentPostprocessing = 0;
		};
/* End PBXFrameworksBuildPhase section */

/* Begin PBXGroup section */
		468176751CB4E29000331D64 = {
			isa = PBXGroup;
			children = (
				468177841CB4F77200331D64 /* Utility */,
				468176EA1CB4EBD000331D64 /* Frameworks */,
				468176801CB4E29000331D64 /* RongChatRoomDemo */,
				4681769A1CB4E29000331D64 /* RongChatRoomDemoTests */,
				468176A51CB4E29000331D64 /* RongChatRoomDemoUITests */,
				4681767F1CB4E29000331D64 /* Products */,
			);
			sourceTree = "<group>";
		};
		4681767F1CB4E29000331D64 /* Products */ = {
			isa = PBXGroup;
			children = (
				4681767E1CB4E29000331D64 /* RongChatRoomDemo.app */,
				468176971CB4E29000331D64 /* RongChatRoomDemoTests.xctest */,
				468176A21CB4E29000331D64 /* RongChatRoomDemoUITests.xctest */,
			);
			name = Products;
			sourceTree = "<group>";
		};
		468176801CB4E29000331D64 /* RongChatRoomDemo */ = {
			isa = PBXGroup;
			children = (
				F8025A291CCDCA99006E7F39 /* Live */,
				468177301CB4F72C00331D64 /* CustomViews */,
				468177981CB4FEAA00331D64 /* RCIM.h */,
				468177991CB4FEAA00331D64 /* RCIM.m */,
				468177231CB4F68300331D64 /* CustomObjects */,
				468177201CB4F67600331D64 /* Common */,
				468176C21CB4E7A600331D64 /* ChatroomVC */,
				468176841CB4E29000331D64 /* AppDelegate.h */,
				468176851CB4E29000331D64 /* AppDelegate.m */,
				468176871CB4E29000331D64 /* LoginViewController.h */,
				468176881CB4E29000331D64 /* LoginViewController.m */,
				4681768A1CB4E29000331D64 /* Main.storyboard */,
				4681768D1CB4E29000331D64 /* Assets.xcassets */,
				4681768F1CB4E29000331D64 /* LaunchScreen.storyboard */,
				468176921CB4E29000331D64 /* Info.plist */,
				468176811CB4E29000331D64 /* Supporting Files */,
			);
			path = RongChatRoomDemo;
			sourceTree = "<group>";
		};
		468176811CB4E29000331D64 /* Supporting Files */ = {
			isa = PBXGroup;
			children = (
				468176821CB4E29000331D64 /* main.m */,
				468177971CB4F83600331D64 /* PrefixHeader.pch */,
			);
			name = "Supporting Files";
			sourceTree = "<group>";
		};
		4681769A1CB4E29000331D64 /* RongChatRoomDemoTests */ = {
			isa = PBXGroup;
			children = (
				4681769B1CB4E29000331D64 /* RongChatRoomDemoTests.m */,
				4681769D1CB4E29000331D64 /* Info.plist */,
			);
			path = RongChatRoomDemoTests;
			sourceTree = "<group>";
		};
		468176A51CB4E29000331D64 /* RongChatRoomDemoUITests */ = {
			isa = PBXGroup;
			children = (
				468176A61CB4E29000331D64 /* RongChatRoomDemoUITests.m */,
				468176A81CB4E29000331D64 /* Info.plist */,
			);
			path = RongChatRoomDemoUITests;
			sourceTree = "<group>";
		};
		468176C21CB4E7A600331D64 /* ChatroomVC */ = {
			isa = PBXGroup;
			children = (
				468177191CB4F5B600331D64 /* Model */,
				468176ED1CB4F43000331D64 /* Cell */,
				468176C31CB4E7E700331D64 /* ChatRoomViewController.h */,
				468176C41CB4E7E700331D64 /* ChatRoomViewController.m */,
			);
			name = ChatroomVC;
			sourceTree = "<group>";
		};
		468176EA1CB4EBD000331D64 /* Frameworks */ = {
			isa = PBXGroup;
			children = (
				46AD4BA11D4786670082BE2C /* Emoji.plist */,
				46AD4BA21D4786670082BE2C /* libopencore-amrnb.a */,
				46AD4BA31D4786670082BE2C /* RongCloud.bundle */,
				46AD4BA41D4786670082BE2C /* RongIMLib.framework */,
				46AD4BA51D4786670082BE2C /* RongIMToolKit.framework */,
				F8D3C0151CCE1B8C005F551D /* JavaScriptCore.framework */,
				F8D3C0131CCE1B72005F551D /* CoreLocation.framework */,
				F8D3C0111CCE1B50005F551D /* CoreData.framework */,
				F8D3C00F1CCE1AA2005F551D /* MediaPlayer.framework */,
				F8D3C00D1CCE1A84005F551D /* libiconv.tbd */,
				F8D3C00A1CCE1A47005F551D /* AdSupport.framework */,
				F8D3BFB91CCE0CBB005F551D /* libstdc++.6.tbd */,
				F8D3BFB71CCE0C33005F551D /* libbz2.tbd */,
				F8D3BFB51CCE0C19005F551D /* VideoToolbox.framework */,
				468176C61CB4E90600331D64 /* libopencore-amrnb.a */,
				468176E81CB4EAAD00331D64 /* OpenGLES.framework */,
				468176E61CB4EA9B00331D64 /* SystemConfiguration.framework */,
				468176E41CB4EA9200331D64 /* CoreVideo.framework */,
				468176E21CB4EA8200331D64 /* CoreTelephony.framework */,
				468176E01CB4EA7900331D64 /* CoreMedia.framework */,
				468176DE1CB4EA7100331D64 /* CoreAudio.framework */,
				468176DC1CB4EA6500331D64 /* CFNetwork.framework */,
				468176DA1CB4EA5C00331D64 /* AudioToolbox.framework */,
				468176D81CB4EA5300331D64 /* AVFoundation.framework */,
				468176D61CB4EA3200331D64 /* UIKit.framework */,
				468176D41CB4EA2900331D64 /* CoreGraphics.framework */,
				468176D21CB4EA1F00331D64 /* AssetsLibrary.framework */,
				468176D01CB4EA0300331D64 /* libxml2.tbd */,
				468176CE1CB4E9F800331D64 /* libz.tbd */,
				468176CC1CB4E99400331D64 /* libstdc++.tbd */,
				468176CA1CB4E97E00331D64 /* libsqlite3.tbd */,
				468176C81CB4E97000331D64 /* libc++.tbd */,
			);
			name = Frameworks;
			sourceTree = "<group>";
		};
		468176ED1CB4F43000331D64 /* Cell */ = {
			isa = PBXGroup;
			children = (
				468176F61CB4F46E00331D64 /* RCMessageBaseCell.h */,
				468176F71CB4F46E00331D64 /* RCMessageBaseCell.m */,
				468176F81CB4F46E00331D64 /* RCMessageCell.h */,
				468176F91CB4F46E00331D64 /* RCMessageCell.m */,
				468176FA1CB4F46E00331D64 /* RCMessageCellDelegate.h */,
				468177031CB4F46E00331D64 /* RCTextMessageCell.h */,
				468177041CB4F46E00331D64 /* RCTextMessageCell.m */,
				468177051CB4F46E00331D64 /* RCTipMessageCell.h */,
				468177061CB4F46E00331D64 /* RCTipMessageCell.m */,
				468AEFF51CEAB18800F9D0D0 /* RCGiftMessageCell.h */,
				468AEFF61CEAB18800F9D0D0 /* RCGiftMessageCell.m */,
			);
			name = Cell;
			sourceTree = "<group>";
		};
		468177191CB4F5B600331D64 /* Model */ = {
			isa = PBXGroup;
			children = (
				4681771A1CB4F66200331D64 /* RCMessageCellNotificationModel.h */,
				4681771B1CB4F66200331D64 /* RCMessageCellNotificationModel.m */,
				4681771C1CB4F66200331D64 /* RCMessageModel.h */,
				4681771D1CB4F66200331D64 /* RCMessageModel.m */,
				468AEFF21CEAAF5400F9D0D0 /* RCGiftMessage.h */,
				468AEFF31CEAAF5400F9D0D0 /* RCGiftMessage.m */,
			);
			name = Model;
			sourceTree = "<group>";
		};
		468177201CB4F67600331D64 /* Common */ = {
			isa = PBXGroup;
			children = (
				468177211CB4F67600331D64 /* RCKitCommonDefine.h */,
			);
			path = Common;
			sourceTree = "<group>";
		};
		468177231CB4F68300331D64 /* CustomObjects */ = {
			isa = PBXGroup;
			children = (
				468177241CB4F68300331D64 /* RCLocalNotification.h */,
				468177251CB4F68300331D64 /* RCLocalNotification.m */,
				468177281CB4F68300331D64 /* RCVoicePlayer.h */,
				468177291CB4F68300331D64 /* RCVoicePlayer.m */,
			);
			path = CustomObjects;
			sourceTree = "<group>";
		};
		468177301CB4F72C00331D64 /* CustomViews */ = {
			isa = PBXGroup;
			children = (
				46668A2F1D07BBD9006C0E3D /* RCUnderlineTextField.h */,
				46668A301D07BBD9006C0E3D /* RCUnderlineTextField.m */,
				4681773D1CB4F72C00331D64 /* RCAttributedLabel.h */,
				4681773E1CB4F72C00331D64 /* RCAttributedLabel.m */,
				468177411CB4F72C00331D64 /* RCContentView.h */,
				468177421CB4F72C00331D64 /* RCContentView.m */,
				4681774F1CB4F72C00331D64 /* RCImageMessageProgressView.h */,
				468177501CB4F72C00331D64 /* RCImageMessageProgressView.m */,
				468177651CB4F72C00331D64 /* RCTipLabel.h */,
				468177661CB4F72C00331D64 /* RCTipLabel.m */,
				468F03AC1CCDBAFC00C4E621 /* RCCollectionViewHeader.h */,
				468F03AD1CCDBAFC00C4E621 /* RCCollectionViewHeader.m */,
			);
			path = CustomViews;
			sourceTree = "<group>";
		};
		468177841CB4F77200331D64 /* Utility */ = {
			isa = PBXGroup;
			children = (
				46E77C161CCDF84500BDA1F6 /* AFNetworking */,
				46E77C0E1CCDF83E00BDA1F6 /* MBProgressHUD */,
				468177871CB4F77200331D64 /* RCKitUtility.h */,
				468177881CB4F77200331D64 /* RCKitUtility.m */,
			);
			name = Utility;
			path = RongChatRoomDemo/Utility;
			sourceTree = "<group>";
		};
		469157A21D1919F4003E35E8 /* UCLOUD */ = {
			isa = PBXGroup;
			children = (
				469157A91D191A3D003E35E8 /* Engine */,
				469157AA1D191A75003E35E8 /* UCLOUDLivePlaying.h */,
				469157AB1D191A75003E35E8 /* UCLOUDLivePlaying.m */,
				4675F77B1D1A2C9600DCA139 /* UCloudPlayerManager.h */,
				4675F77C1D1A2C9600DCA139 /* UCloudPlayerManager.m */,
			);
			name = UCLOUD;
			path = Live/UCLOUD;
			sourceTree = "<group>";
		};
		469157A91D191A3D003E35E8 /* Engine */ = {
			isa = PBXGroup;
			children = (
				469157A31D1919F4003E35E8 /* libUCloudMediaPlayer.a */,
				469157A41D1919F4003E35E8 /* UCloudMediaModule.h */,
				469157A51D1919F4003E35E8 /* UCloudMediaPlayback.h */,
				469157A61D1919F4003E35E8 /* UCloudMediaPlayer.h */,
				469157A71D1919F4003E35E8 /* UCloudPlayback.h */,
			);
			name = Engine;
			sourceTree = "<group>";
		};
		46E77C0E1CCDF83E00BDA1F6 /* MBProgressHUD */ = {
			isa = PBXGroup;
			children = (
				46E77C0F1CCDF83E00BDA1F6 /* LICENSE */,
				46E77C101CCDF83E00BDA1F6 /* MBProgressHUD.h */,
				46E77C111CCDF83E00BDA1F6 /* MBProgressHUD.m */,
				46E77C121CCDF83E00BDA1F6 /* README.mdown */,
			);
			path = MBProgressHUD;
			sourceTree = "<group>";
		};
		46E77C161CCDF84500BDA1F6 /* AFNetworking */ = {
			isa = PBXGroup;
			children = (
				46E77C171CCDF84500BDA1F6 /* AFNetworking */,
				46E77C2B1CCDF84500BDA1F6 /* LICENSE */,
				46E77C2C1CCDF84500BDA1F6 /* README.md */,
				46E77C2D1CCDF84500BDA1F6 /* UIKit+AFNetworking */,
			);
			path = AFNetworking;
			sourceTree = "<group>";
		};
		46E77C171CCDF84500BDA1F6 /* AFNetworking */ = {
			isa = PBXGroup;
			children = (
				46E77C181CCDF84500BDA1F6 /* AFHTTPRequestOperation.h */,
				46E77C191CCDF84500BDA1F6 /* AFHTTPRequestOperation.m */,
				46E77C1A1CCDF84500BDA1F6 /* AFHTTPRequestOperationManager.h */,
				46E77C1B1CCDF84500BDA1F6 /* AFHTTPRequestOperationManager.m */,
				46E77C1C1CCDF84500BDA1F6 /* AFHTTPSessionManager.h */,
				46E77C1D1CCDF84500BDA1F6 /* AFHTTPSessionManager.m */,
				46E77C1E1CCDF84500BDA1F6 /* AFNetworking.h */,
				46E77C1F1CCDF84500BDA1F6 /* AFNetworkReachabilityManager.h */,
				46E77C201CCDF84500BDA1F6 /* AFNetworkReachabilityManager.m */,
				46E77C211CCDF84500BDA1F6 /* AFSecurityPolicy.h */,
				46E77C221CCDF84500BDA1F6 /* AFSecurityPolicy.m */,
				46E77C231CCDF84500BDA1F6 /* AFURLConnectionOperation.h */,
				46E77C241CCDF84500BDA1F6 /* AFURLConnectionOperation.m */,
				46E77C251CCDF84500BDA1F6 /* AFURLRequestSerialization.h */,
				46E77C261CCDF84500BDA1F6 /* AFURLRequestSerialization.m */,
				46E77C271CCDF84500BDA1F6 /* AFURLResponseSerialization.h */,
				46E77C281CCDF84500BDA1F6 /* AFURLResponseSerialization.m */,
				46E77C291CCDF84500BDA1F6 /* AFURLSessionManager.h */,
				46E77C2A1CCDF84500BDA1F6 /* AFURLSessionManager.m */,
			);
			path = AFNetworking;
			sourceTree = "<group>";
		};
		46E77C2D1CCDF84500BDA1F6 /* UIKit+AFNetworking */ = {
			isa = PBXGroup;
			children = (
				46E77C2E1CCDF84500BDA1F6 /* AFNetworkActivityIndicatorManager.h */,
				46E77C2F1CCDF84500BDA1F6 /* AFNetworkActivityIndicatorManager.m */,
				46E77C301CCDF84500BDA1F6 /* UIActivityIndicatorView+AFNetworking.h */,
				46E77C311CCDF84500BDA1F6 /* UIActivityIndicatorView+AFNetworking.m */,
				46E77C321CCDF84500BDA1F6 /* UIAlertView+AFNetworking.h */,
				46E77C331CCDF84500BDA1F6 /* UIAlertView+AFNetworking.m */,
				46E77C341CCDF84500BDA1F6 /* UIButton+AFNetworking.h */,
				46E77C351CCDF84500BDA1F6 /* UIButton+AFNetworking.m */,
				46E77C361CCDF84500BDA1F6 /* UIImage+AFNetworking.h */,
				46E77C371CCDF84500BDA1F6 /* UIImageView+AFNetworking.h */,
				46E77C381CCDF84500BDA1F6 /* UIImageView+AFNetworking.m */,
				46E77C391CCDF84500BDA1F6 /* UIKit+AFNetworking.h */,
				46E77C3A1CCDF84500BDA1F6 /* UIProgressView+AFNetworking.h */,
				46E77C3B1CCDF84500BDA1F6 /* UIProgressView+AFNetworking.m */,
				46E77C3C1CCDF84500BDA1F6 /* UIRefreshControl+AFNetworking.h */,
				46E77C3D1CCDF84500BDA1F6 /* UIRefreshControl+AFNetworking.m */,
				46E77C3E1CCDF84500BDA1F6 /* UIWebView+AFNetworking.h */,
				46E77C3F1CCDF84500BDA1F6 /* UIWebView+AFNetworking.m */,
			);
			path = "UIKit+AFNetworking";
			sourceTree = "<group>";
		};
		F8025A291CCDCA99006E7F39 /* Live */ = {
			isa = PBXGroup;
			children = (
				469157A21D1919F4003E35E8 /* UCLOUD */,
				F8D3C0D11CCF48ED005F551D /* QCLOUD */,
				F8D3C0B81CCF26C4005F551D /* QINIU */,
				F8D3BFBC1CCE117A005F551D /* LE */,
				F8025A2A1CCDCAC4006E7F39 /* KSY */,
			);
			name = Live;
			sourceTree = "<group>";
		};
		F8025A2A1CCDCAC4006E7F39 /* KSY */ = {
			isa = PBXGroup;
			children = (
				F8AC6F981CD9A00B00C59570 /* KSYLivePlaying.h */,
				F8AC6F991CD9A00B00C59570 /* KSYLivePlaying.m */,
				F8D3BFC21CCE1243005F551D /* Engine */,
			);
			name = KSY;
			sourceTree = "<group>";
		};
		F8D3BFBC1CCE117A005F551D /* LE */ = {
			isa = PBXGroup;
			children = (
				F8D3BFC11CCE123C005F551D /* Engine */,
			);
			name = LE;
			sourceTree = "<group>";
		};
		F8D3BFC11CCE123C005F551D /* Engine */ = {
			isa = PBXGroup;
			children = (
				F8D3C0181CCE1EC5005F551D /* include */,
				F8D3C0951CCF2586005F551D /* lib */,
			);
			name = Engine;
			sourceTree = "<group>";
		};
		F8D3BFC21CCE1243005F551D /* Engine */ = {
			isa = PBXGroup;
			children = (
			);
			name = Engine;
			sourceTree = "<group>";
		};
		F8D3C0181CCE1EC5005F551D /* include */ = {
			isa = PBXGroup;
			children = (
			);
			name = include;
			sourceTree = "<group>";
		};
		F8D3C0951CCF2586005F551D /* lib */ = {
			isa = PBXGroup;
			children = (
			);
			name = lib;
			sourceTree = "<group>";
		};
		F8D3C0B81CCF26C4005F551D /* QINIU */ = {
			isa = PBXGroup;
			children = (
				F8D3C0BB1CCF2700005F551D /* Engine */,
			);
			name = QINIU;
			sourceTree = "<group>";
		};
		F8D3C0B91CCF26D7005F551D /* include */ = {
			isa = PBXGroup;
			children = (
			);
			name = include;
			sourceTree = "<group>";
		};
		F8D3C0BA1CCF26E3005F551D /* lib */ = {
			isa = PBXGroup;
			children = (
			);
			name = lib;
			sourceTree = "<group>";
		};
		F8D3C0BB1CCF2700005F551D /* Engine */ = {
			isa = PBXGroup;
			children = (
				F8D3C0B91CCF26D7005F551D /* include */,
				F8D3C0BA1CCF26E3005F551D /* lib */,
			);
			name = Engine;
			sourceTree = "<group>";
		};
		F8D3C0D11CCF48ED005F551D /* QCLOUD */ = {
			isa = PBXGroup;
			children = (
				F8D3C0D21CCF48F2005F551D /* Engine */,
			);
			name = QCLOUD;
			sourceTree = "<group>";
		};
		F8D3C0D21CCF48F2005F551D /* Engine */ = {
			isa = PBXGroup;
			children = (
			);
			name = Engine;
			sourceTree = "<group>";
		};
/* End PBXGroup section */

/* Begin PBXNativeTarget section */
		4681767D1CB4E29000331D64 /* RongChatRoomDemo */ = {
			isa = PBXNativeTarget;
			buildConfigurationList = 468176AB1CB4E29000331D64 /* Build configuration list for PBXNativeTarget "RongChatRoomDemo" */;
			buildPhases = (
				4681767A1CB4E29000331D64 /* Sources */,
				4681767B1CB4E29000331D64 /* Frameworks */,
				4681767C1CB4E29000331D64 /* Resources */,
			);
			buildRules = (
			);
			dependencies = (
			);
			name = RongChatRoomDemo;
			productName = RongChatRoomDemo;
			productReference = 4681767E1CB4E29000331D64 /* RongChatRoomDemo.app */;
			productType = "com.apple.product-type.application";
		};
		468176961CB4E29000331D64 /* RongChatRoomDemoTests */ = {
			isa = PBXNativeTarget;
			buildConfigurationList = 468176AE1CB4E29000331D64 /* Build configuration list for PBXNativeTarget "RongChatRoomDemoTests" */;
			buildPhases = (
				468176931CB4E29000331D64 /* Sources */,
				468176941CB4E29000331D64 /* Frameworks */,
				468176951CB4E29000331D64 /* Resources */,
			);
			buildRules = (
			);
			dependencies = (
				468176991CB4E29000331D64 /* PBXTargetDependency */,
			);
			name = RongChatRoomDemoTests;
			productName = RongChatRoomDemoTests;
			productReference = 468176971CB4E29000331D64 /* RongChatRoomDemoTests.xctest */;
			productType = "com.apple.product-type.bundle.unit-test";
		};
		468176A11CB4E29000331D64 /* RongChatRoomDemoUITests */ = {
			isa = PBXNativeTarget;
			buildConfigurationList = 468176B11CB4E29000331D64 /* Build configuration list for PBXNativeTarget "RongChatRoomDemoUITests" */;
			buildPhases = (
				4681769E1CB4E29000331D64 /* Sources */,
				4681769F1CB4E29000331D64 /* Frameworks */,
				468176A01CB4E29000331D64 /* Resources */,
			);
			buildRules = (
			);
			dependencies = (
				468176A41CB4E29000331D64 /* PBXTargetDependency */,
			);
			name = RongChatRoomDemoUITests;
			productName = RongChatRoomDemoUITests;
			productReference = 468176A21CB4E29000331D64 /* RongChatRoomDemoUITests.xctest */;
			productType = "com.apple.product-type.bundle.ui-testing";
		};
/* End PBXNativeTarget section */

/* Begin PBXProject section */
		468176761CB4E29000331D64 /* Project object */ = {
			isa = PBXProject;
			attributes = {
				LastUpgradeCheck = 0730;
				ORGANIZATIONNAME = rongcloud;
				TargetAttributes = {
					4681767D1CB4E29000331D64 = {
						CreatedOnToolsVersion = 7.3;
						DevelopmentTeam = 9CVMN4UZK4;
						DevelopmentTeamName = "Beijing Rong Cloud Network Technology CO., LTD";
						ProvisioningStyle = Automatic;
					};
					468176961CB4E29000331D64 = {
						CreatedOnToolsVersion = 7.3;
						ProvisioningStyle = Automatic;
						TestTargetID = 4681767D1CB4E29000331D64;
					};
					468176A11CB4E29000331D64 = {
						CreatedOnToolsVersion = 7.3;
						ProvisioningStyle = Automatic;
						TestTargetID = 4681767D1CB4E29000331D64;
					};
				};
			};
			buildConfigurationList = 468176791CB4E29000331D64 /* Build configuration list for PBXProject "RongChatRoomDemo" */;
			compatibilityVersion = "Xcode 3.2";
			developmentRegion = English;
			hasScannedForEncodings = 0;
			knownRegions = (
				en,
				Base,
				"zh-Hans",
			);
			mainGroup = 468176751CB4E29000331D64;
			productRefGroup = 4681767F1CB4E29000331D64 /* Products */;
			projectDirPath = "";
			projectRoot = "";
			targets = (
				4681767D1CB4E29000331D64 /* RongChatRoomDemo */,
				468176961CB4E29000331D64 /* RongChatRoomDemoTests */,
				468176A11CB4E29000331D64 /* RongChatRoomDemoUITests */,
			);
		};
/* End PBXProject section */

/* Begin PBXResourcesBuildPhase section */
		4681767C1CB4E29000331D64 /* Resources */ = {
			isa = PBXResourcesBuildPhase;
			buildActionMask = 2147483647;
			files = (
				46AD4BA81D4786670082BE2C /* RongCloud.bundle in Resources */,
				46E77C131CCDF83E00BDA1F6 /* LICENSE in Resources */,
				468176911CB4E29000331D64 /* LaunchScreen.storyboard in Resources */,
				4681768E1CB4E29000331D64 /* Assets.xcassets in Resources */,
				46AD4BA61D4786670082BE2C /* Emoji.plist in Resources */,
				46E77C491CCDF84500BDA1F6 /* LICENSE in Resources */,
				4681768C1CB4E29000331D64 /* Main.storyboard in Resources */,
			);
			runOnlyForDeploymentPostprocessing = 0;
		};
		468176951CB4E29000331D64 /* Resources */ = {
			isa = PBXResourcesBuildPhase;
			buildActionMask = 2147483647;
			files = (
			);
			runOnlyForDeploymentPostprocessing = 0;
		};
		468176A01CB4E29000331D64 /* Resources */ = {
			isa = PBXResourcesBuildPhase;
			buildActionMask = 2147483647;
			files = (
			);
			runOnlyForDeploymentPostprocessing = 0;
		};
/* End PBXResourcesBuildPhase section */

/* Begin PBXSourcesBuildPhase section */
		4681767A1CB4E29000331D64 /* Sources */ = {
			isa = PBXSourcesBuildPhase;
			buildActionMask = 2147483647;
			files = (
				46E77C401CCDF84500BDA1F6 /* AFHTTPRequestOperation.m in Sources */,
				468177151CB4F46E00331D64 /* RCTextMessageCell.m in Sources */,
				468177821CB4F72C00331D64 /* RCTipLabel.m in Sources */,
				4681771F1CB4F66200331D64 /* RCMessageModel.m in Sources */,
				46E77C4E1CCDF84500BDA1F6 /* UIButton+AFNetworking.m in Sources */,
				46E77C4A1CCDF84500BDA1F6 /* README.md in Sources */,
				46E77C421CCDF84500BDA1F6 /* AFHTTPSessionManager.m in Sources */,
				46E77C4C1CCDF84500BDA1F6 /* UIActivityIndicatorView+AFNetworking.m in Sources */,
				4681772C1CB4F68300331D64 /* RCLocalNotification.m in Sources */,
				468177161CB4F46E00331D64 /* RCTipMessageCell.m in Sources */,
				46E77C481CCDF84500BDA1F6 /* AFURLSessionManager.m in Sources */,
				4681770F1CB4F46E00331D64 /* RCMessageBaseCell.m in Sources */,
				46E77C441CCDF84500BDA1F6 /* AFSecurityPolicy.m in Sources */,
				46E77C521CCDF84500BDA1F6 /* UIWebView+AFNetworking.m in Sources */,
				46E77C4D1CCDF84500BDA1F6 /* UIAlertView+AFNetworking.m in Sources */,
				46E77C471CCDF84500BDA1F6 /* AFURLResponseSerialization.m in Sources */,
				4681779B1CB4FEAA00331D64 /* RCIM.m in Sources */,
				F8AC6F9A1CD9A00B00C59570 /* KSYLivePlaying.m in Sources */,
				46668A311D07BBD9006C0E3D /* RCUnderlineTextField.m in Sources */,
				468177101CB4F46E00331D64 /* RCMessageCell.m in Sources */,
				468177771CB4F72C00331D64 /* RCImageMessageProgressView.m in Sources */,
				468176891CB4E29000331D64 /* LoginViewController.m in Sources */,
				469157AC1D191A75003E35E8 /* UCLOUDLivePlaying.m in Sources */,
				46E77C451CCDF84500BDA1F6 /* AFURLConnectionOperation.m in Sources */,
				46E77C151CCDF83E00BDA1F6 /* README.mdown in Sources */,
				46E77C461CCDF84500BDA1F6 /* AFURLRequestSerialization.m in Sources */,
				468177921CB4F77200331D64 /* RCKitUtility.m in Sources */,
				46E77C4F1CCDF84500BDA1F6 /* UIImageView+AFNetworking.m in Sources */,
				468AEFF41CEAAF5400F9D0D0 /* RCGiftMessage.m in Sources */,
				4681771E1CB4F66200331D64 /* RCMessageCellNotificationModel.m in Sources */,
				46E77C501CCDF84500BDA1F6 /* UIProgressView+AFNetworking.m in Sources */,
				468AEFF71CEAB18800F9D0D0 /* RCGiftMessageCell.m in Sources */,
				468F03AE1CCDBAFC00C4E621 /* RCCollectionViewHeader.m in Sources */,
				46E77C411CCDF84500BDA1F6 /* AFHTTPRequestOperationManager.m in Sources */,
				46E77C511CCDF84500BDA1F6 /* UIRefreshControl+AFNetworking.m in Sources */,
				4675F77D1D1A2C9600DCA139 /* UCloudPlayerManager.m in Sources */,
				4681776E1CB4F72C00331D64 /* RCAttributedLabel.m in Sources */,
				46E77C141CCDF83E00BDA1F6 /* MBProgressHUD.m in Sources */,
				46E77C431CCDF84500BDA1F6 /* AFNetworkReachabilityManager.m in Sources */,
				468176861CB4E29000331D64 /* AppDelegate.m in Sources */,
				468177701CB4F72C00331D64 /* RCContentView.m in Sources */,
				468176831CB4E29000331D64 /* main.m in Sources */,
				46E77C4B1CCDF84500BDA1F6 /* AFNetworkActivityIndicatorManager.m in Sources */,
				4681772E1CB4F68300331D64 /* RCVoicePlayer.m in Sources */,
				468176C51CB4E7E700331D64 /* ChatRoomViewController.m in Sources */,
			);
			runOnlyForDeploymentPostprocessing = 0;
		};
		468176931CB4E29000331D64 /* Sources */ = {
			isa = PBXSourcesBuildPhase;
			buildActionMask = 2147483647;
			files = (
				4681769C1CB4E29000331D64 /* RongChatRoomDemoTests.m in Sources */,
			);
			runOnlyForDeploymentPostprocessing = 0;
		};
		4681769E1CB4E29000331D64 /* Sources */ = {
			isa = PBXSourcesBuildPhase;
			buildActionMask = 2147483647;
			files = (
				468176A71CB4E29000331D64 /* RongChatRoomDemoUITests.m in Sources */,
			);
			runOnlyForDeploymentPostprocessing = 0;
		};
/* End PBXSourcesBuildPhase section */

/* Begin PBXTargetDependency section */
		468176991CB4E29000331D64 /* PBXTargetDependency */ = {
			isa = PBXTargetDependency;
			target = 4681767D1CB4E29000331D64 /* RongChatRoomDemo */;
			targetProxy = 468176981CB4E29000331D64 /* PBXContainerItemProxy */;
		};
		468176A41CB4E29000331D64 /* PBXTargetDependency */ = {
			isa = PBXTargetDependency;
			target = 4681767D1CB4E29000331D64 /* RongChatRoomDemo */;
			targetProxy = 468176A31CB4E29000331D64 /* PBXContainerItemProxy */;
		};
/* End PBXTargetDependency section */

/* Begin PBXVariantGroup section */
		4681768A1CB4E29000331D64 /* Main.storyboard */ = {
			isa = PBXVariantGroup;
			children = (
				4681768B1CB4E29000331D64 /* Base */,
			);
			name = Main.storyboard;
			sourceTree = "<group>";
		};
		4681768F1CB4E29000331D64 /* LaunchScreen.storyboard */ = {
			isa = PBXVariantGroup;
			children = (
				468176901CB4E29000331D64 /* Base */,
			);
			name = LaunchScreen.storyboard;
			sourceTree = "<group>";
		};
/* End PBXVariantGroup section */

/* Begin XCBuildConfiguration section */
		468176A91CB4E29000331D64 /* Debug */ = {
			isa = XCBuildConfiguration;
			buildSettings = {
				ALWAYS_SEARCH_USER_PATHS = NO;
				CLANG_ANALYZER_NONNULL = YES;
				CLANG_CXX_LANGUAGE_STANDARD = "gnu++0x";
				CLANG_CXX_LIBRARY = "libc++";
				CLANG_ENABLE_MODULES = YES;
				CLANG_ENABLE_OBJC_ARC = YES;
				CLANG_WARN_BOOL_CONVERSION = YES;
				CLANG_WARN_CONSTANT_CONVERSION = YES;
				CLANG_WARN_DIRECT_OBJC_ISA_USAGE = YES_ERROR;
				CLANG_WARN_EMPTY_BODY = YES;
				CLANG_WARN_ENUM_CONVERSION = YES;
				CLANG_WARN_INT_CONVERSION = YES;
				CLANG_WARN_OBJC_ROOT_CLASS = YES_ERROR;
				CLANG_WARN_UNREACHABLE_CODE = YES;
				CLANG_WARN__DUPLICATE_METHOD_MATCH = YES;
				CODE_SIGN_IDENTITY = "iPhone Developer";
				"CODE_SIGN_IDENTITY[sdk=iphoneos*]" = "iPhone Developer";
				COPY_PHASE_STRIP = NO;
				DEBUG_INFORMATION_FORMAT = dwarf;
				ENABLE_STRICT_OBJC_MSGSEND = YES;
				ENABLE_TESTABILITY = YES;
				GCC_C_LANGUAGE_STANDARD = gnu99;
				GCC_DYNAMIC_NO_PIC = NO;
				GCC_NO_COMMON_BLOCKS = YES;
				GCC_OPTIMIZATION_LEVEL = 0;
				GCC_PREPROCESSOR_DEFINITIONS = (
					"DEBUG=1",
					"$(inherited)",
				);
				GCC_WARN_64_TO_32_BIT_CONVERSION = YES;
				GCC_WARN_ABOUT_RETURN_TYPE = YES_ERROR;
				GCC_WARN_UNDECLARED_SELECTOR = YES;
				GCC_WARN_UNINITIALIZED_AUTOS = YES_AGGRESSIVE;
				GCC_WARN_UNUSED_FUNCTION = YES;
				GCC_WARN_UNUSED_VARIABLE = YES;
				IPHONEOS_DEPLOYMENT_TARGET = 6.0;
				MTL_ENABLE_DEBUG_INFO = YES;
				ONLY_ACTIVE_ARCH = YES;
				SDKROOT = iphoneos;
			};
			name = Debug;
		};
		468176AA1CB4E29000331D64 /* Release */ = {
			isa = XCBuildConfiguration;
			buildSettings = {
				ALWAYS_SEARCH_USER_PATHS = NO;
				CLANG_ANALYZER_NONNULL = YES;
				CLANG_CXX_LANGUAGE_STANDARD = "gnu++0x";
				CLANG_CXX_LIBRARY = "libc++";
				CLANG_ENABLE_MODULES = YES;
				CLANG_ENABLE_OBJC_ARC = YES;
				CLANG_WARN_BOOL_CONVERSION = YES;
				CLANG_WARN_CONSTANT_CONVERSION = YES;
				CLANG_WARN_DIRECT_OBJC_ISA_USAGE = YES_ERROR;
				CLANG_WARN_EMPTY_BODY = YES;
				CLANG_WARN_ENUM_CONVERSION = YES;
				CLANG_WARN_INT_CONVERSION = YES;
				CLANG_WARN_OBJC_ROOT_CLASS = YES_ERROR;
				CLANG_WARN_UNREACHABLE_CODE = YES;
				CLANG_WARN__DUPLICATE_METHOD_MATCH = YES;
				CODE_SIGN_IDENTITY = "iPhone Distribution: Beijing Rong Cloud Network Technology CO., LTD";
				"CODE_SIGN_IDENTITY[sdk=iphoneos*]" = "iPhone Distribution: Beijing Rong Cloud Network Technology CO., LTD";
				COPY_PHASE_STRIP = NO;
				DEBUG_INFORMATION_FORMAT = "dwarf-with-dsym";
				ENABLE_NS_ASSERTIONS = NO;
				ENABLE_STRICT_OBJC_MSGSEND = YES;
				GCC_C_LANGUAGE_STANDARD = gnu99;
				GCC_NO_COMMON_BLOCKS = YES;
				GCC_WARN_64_TO_32_BIT_CONVERSION = YES;
				GCC_WARN_ABOUT_RETURN_TYPE = YES_ERROR;
				GCC_WARN_UNDECLARED_SELECTOR = YES;
				GCC_WARN_UNINITIALIZED_AUTOS = YES_AGGRESSIVE;
				GCC_WARN_UNUSED_FUNCTION = YES;
				GCC_WARN_UNUSED_VARIABLE = YES;
				IPHONEOS_DEPLOYMENT_TARGET = 6.0;
				MTL_ENABLE_DEBUG_INFO = NO;
				SDKROOT = iphoneos;
				VALIDATE_PRODUCT = YES;
			};
			name = Release;
		};
		468176AC1CB4E29000331D64 /* Debug */ = {
			isa = XCBuildConfiguration;
			buildSettings = {
				ASSETCATALOG_COMPILER_APPICON_NAME = AppIcon;
				CODE_SIGN_IDENTITY = "iPhone Developer";
				"CODE_SIGN_IDENTITY[sdk=iphoneos*]" = "iPhone Developer";
				ENABLE_BITCODE = NO;
				FRAMEWORK_SEARCH_PATHS = (
					"$(inherited)",
					"$(PROJECT_DIR)/framework",
					"$(PROJECT_DIR)/RongChatRoomDemo/Live/KSY/Engine",
					"$(PROJECT_DIR)/RongChatRoomDemo/Live/QCLOUD/Engine",
					"$(PROJECT_DIR)",
				);
				INFOPLIST_FILE = RongChatRoomDemo/Info.plist;
				IPHONEOS_DEPLOYMENT_TARGET = 8.0;
				LD_RUNPATH_SEARCH_PATHS = "$(inherited) @executable_path/Frameworks";
				LIBRARY_SEARCH_PATHS = (
					"$(inherited)",
					"$(PROJECT_DIR)/RongChatRoomDemo",
					"$(PROJECT_DIR)/RongChatRoomDemo/Live/LE/Engine",
					"$(PROJECT_DIR)/RongChatRoomDemo/Live/LE/Engine/lib",
					"$(PROJECT_DIR)/RongChatRoomDemo/Live/QINIU/Engine/lib",
					"$(PROJECT_DIR)/RongChatRoomDemo/Live/UCLOUD",
					"$(PROJECT_DIR)",
					"$(PROJECT_DIR)/framework",
				);
				OTHER_LDFLAGS = "-ObjC";
				PRODUCT_BUNDLE_IDENTIFIER = com.RCloud.Livechat;
				PRODUCT_NAME = "$(TARGET_NAME)";
				PROVISIONING_PROFILE = "";
				VALID_ARCHS = "arm64 armv7 armv7s x86_64 i386";
			};
			name = Debug;
		};
		468176AD1CB4E29000331D64 /* Release */ = {
			isa = XCBuildConfiguration;
			buildSettings = {
				ASSETCATALOG_COMPILER_APPICON_NAME = AppIcon;
				CODE_SIGN_IDENTITY = "iPhone Distribution: Beijing Rong Cloud Network Technology CO., LTD";
				"CODE_SIGN_IDENTITY[sdk=iphoneos*]" = "iPhone Distribution: Beijing Rong Cloud Network Technology CO., LTD";
				ENABLE_BITCODE = NO;
				FRAMEWORK_SEARCH_PATHS = (
					"$(inherited)",
					"$(PROJECT_DIR)/framework",
					"$(PROJECT_DIR)/RongChatRoomDemo/Live/KSY/Engine",
					"$(PROJECT_DIR)/RongChatRoomDemo/Live/QCLOUD/Engine",
					"$(PROJECT_DIR)",
				);
				INFOPLIST_FILE = RongChatRoomDemo/Info.plist;
				IPHONEOS_DEPLOYMENT_TARGET = 8.0;
				LD_RUNPATH_SEARCH_PATHS = "$(inherited) @executable_path/Frameworks";
				LIBRARY_SEARCH_PATHS = (
					"$(inherited)",
					"$(PROJECT_DIR)/RongChatRoomDemo",
					"$(PROJECT_DIR)/RongChatRoomDemo/Live/LE/Engine",
					"$(PROJECT_DIR)/RongChatRoomDemo/Live/LE/Engine/lib",
					"$(PROJECT_DIR)/RongChatRoomDemo/Live/QINIU/Engine/lib",
					"$(PROJECT_DIR)/RongChatRoomDemo/Live/UCLOUD",
					"$(PROJECT_DIR)",
					"$(PROJECT_DIR)/framework",
				);
				OTHER_LDFLAGS = "-ObjC";
				PRODUCT_BUNDLE_IDENTIFIER = com.RCloud.Livechat;
				PRODUCT_NAME = "$(TARGET_NAME)";
				PROVISIONING_PROFILE = "";
				VALID_ARCHS = "arm64 armv7 armv7s x86_64 i386";
			};
			name = Release;
		};
		468176AF1CB4E29000331D64 /* Debug */ = {
			isa = XCBuildConfiguration;
			buildSettings = {
				BUNDLE_LOADER = "$(TEST_HOST)";
				"CODE_SIGN_IDENTITY[sdk=iphoneos*]" = "iPhone Developer";
				INFOPLIST_FILE = RongChatRoomDemoTests/Info.plist;
				LD_RUNPATH_SEARCH_PATHS = "$(inherited) @executable_path/Frameworks @loader_path/Frameworks";
				PRODUCT_BUNDLE_IDENTIFIER = com.RCloud.RongChatRoomDemoTests;
				PRODUCT_NAME = "$(TARGET_NAME)";
				TEST_HOST = "$(BUILT_PRODUCTS_DIR)/RongChatRoomDemo.app/RongChatRoomDemo";
			};
			name = Debug;
		};
		468176B01CB4E29000331D64 /* Release */ = {
			isa = XCBuildConfiguration;
			buildSettings = {
				BUNDLE_LOADER = "$(TEST_HOST)";
				"CODE_SIGN_IDENTITY[sdk=iphoneos*]" = "iPhone Distribution: Beijing Rong Cloud Network Technology CO., LTD";
				INFOPLIST_FILE = RongChatRoomDemoTests/Info.plist;
				LD_RUNPATH_SEARCH_PATHS = "$(inherited) @executable_path/Frameworks @loader_path/Frameworks";
				PRODUCT_BUNDLE_IDENTIFIER = com.RCloud.RongChatRoomDemoTests;
				PRODUCT_NAME = "$(TARGET_NAME)";
				TEST_HOST = "$(BUILT_PRODUCTS_DIR)/RongChatRoomDemo.app/RongChatRoomDemo";
			};
			name = Release;
		};
		468176B21CB4E29000331D64 /* Debug */ = {
			isa = XCBuildConfiguration;
			buildSettings = {
				"CODE_SIGN_IDENTITY[sdk=iphoneos*]" = "iPhone Developer";
				INFOPLIST_FILE = RongChatRoomDemoUITests/Info.plist;
				LD_RUNPATH_SEARCH_PATHS = "$(inherited) @executable_path/Frameworks @loader_path/Frameworks";
				PRODUCT_BUNDLE_IDENTIFIER = com.RCloud.RongChatRoomDemoUITests;
				PRODUCT_NAME = "$(TARGET_NAME)";
				TEST_TARGET_NAME = RongChatRoomDemo;
			};
			name = Debug;
		};
		468176B31CB4E29000331D64 /* Release */ = {
			isa = XCBuildConfiguration;
			buildSettings = {
				"CODE_SIGN_IDENTITY[sdk=iphoneos*]" = "iPhone Distribution: Beijing Rong Cloud Network Technology CO., LTD";
				INFOPLIST_FILE = RongChatRoomDemoUITests/Info.plist;
				LD_RUNPATH_SEARCH_PATHS = "$(inherited) @executable_path/Frameworks @loader_path/Frameworks";
				PRODUCT_BUNDLE_IDENTIFIER = com.RCloud.RongChatRoomDemoUITests;
				PRODUCT_NAME = "$(TARGET_NAME)";
				TEST_TARGET_NAME = RongChatRoomDemo;
			};
			name = Release;
		};
/* End XCBuildConfiguration section */

/* Begin XCConfigurationList section */
		468176791CB4E29000331D64 /* Build configuration list for PBXProject "RongChatRoomDemo" */ = {
			isa = XCConfigurationList;
			buildConfigurations = (
				468176A91CB4E29000331D64 /* Debug */,
				468176AA1CB4E29000331D64 /* Release */,
			);
			defaultConfigurationIsVisible = 0;
			defaultConfigurationName = Release;
		};
		468176AB1CB4E29000331D64 /* Build configuration list for PBXNativeTarget "RongChatRoomDemo" */ = {
			isa = XCConfigurationList;
			buildConfigurations = (
				468176AC1CB4E29000331D64 /* Debug */,
				468176AD1CB4E29000331D64 /* Release */,
			);
			defaultConfigurationIsVisible = 0;
			defaultConfigurationName = Release;
		};
		468176AE1CB4E29000331D64 /* Build configuration list for PBXNativeTarget "RongChatRoomDemoTests" */ = {
			isa = XCConfigurationList;
			buildConfigurations = (
				468176AF1CB4E29000331D64 /* Debug */,
				468176B01CB4E29000331D64 /* Release */,
			);
			defaultConfigurationIsVisible = 0;
			defaultConfigurationName = Release;
		};
		468176B11CB4E29000331D64 /* Build configuration list for PBXNativeTarget "RongChatRoomDemoUITests" */ = {
			isa = XCConfigurationList;
			buildConfigurations = (
				468176B21CB4E29000331D64 /* Debug */,
				468176B31CB4E29000331D64 /* Release */,
			);
			defaultConfigurationIsVisible = 0;
			defaultConfigurationName = Release;
		};
/* End XCConfigurationList section */
	};
	rootObject = 468176761CB4E29000331D64 /* Project object */;
}
